// !$*UTF8*$!
{
	archiveVersion = 1;
	classes = {
	};
	objectVersion = 56;
	objects = {

/* Begin PBXBuildFile section */
		994552A12A8CD8AB00F55F58 /* EvilEyeApp.swift in Sources */ = {isa = PBXBuildFile; fileRef = 994552A02A8CD8AB00F55F58 /* EvilEyeApp.swift */; };
		994552A32A8CD8AB00F55F58 /* ContentView.swift in Sources */ = {isa = PBXBuildFile; fileRef = 994552A22A8CD8AB00F55F58 /* ContentView.swift */; };
		994552A52A8CD8AC00F55F58 /* Assets.xcassets in Resources */ = {isa = PBXBuildFile; fileRef = 994552A42A8CD8AC00F55F58 /* Assets.xcassets */; };
		994552A82A8CD8AC00F55F58 /* Preview Assets.xcassets in Resources */ = {isa = PBXBuildFile; fileRef = 994552A72A8CD8AC00F55F58 /* Preview Assets.xcassets */; };
		994552B22A8CD8AC00F55F58 /* EvilEyeTests.swift in Sources */ = {isa = PBXBuildFile; fileRef = 994552B12A8CD8AC00F55F58 /* EvilEyeTests.swift */; };
		994552BC2A8CD8AC00F55F58 /* EvilEyeUITests.swift in Sources */ = {isa = PBXBuildFile; fileRef = 994552BB2A8CD8AC00F55F58 /* EvilEyeUITests.swift */; };
		994552BE2A8CD8AC00F55F58 /* EvilEyeUITestsLaunchTests.swift in Sources */ = {isa = PBXBuildFile; fileRef = 994552BD2A8CD8AC00F55F58 /* EvilEyeUITestsLaunchTests.swift */; };
/* End PBXBuildFile section */

/* Begin PBXContainerItemProxy section */
		994552AE2A8CD8AC00F55F58 /* PBXContainerItemProxy */ = {
			isa = PBXContainerItemProxy;
			containerPortal = 994552952A8CD8AB00F55F58 /* Project object */;
			proxyType = 1;
			remoteGlobalIDString = 9945529C2A8CD8AB00F55F58;
			remoteInfo = EvilEye;
		};
		994552B82A8CD8AC00F55F58 /* PBXContainerItemProxy */ = {
			isa = PBXContainerItemProxy;
			containerPortal = 994552952A8CD8AB00F55F58 /* Project object */;
			proxyType = 1;
			remoteGlobalIDString = 9945529C2A8CD8AB00F55F58;
			remoteInfo = EvilEye;
		};
/* End PBXContainerItemProxy section */

/* Begin PBXFileReference section */
		9945529D2A8CD8AB00F55F58 /* EvilEye.app */ = {isa = PBXFileReference; explicitFileType = wrapper.application; includeInIndex = 0; path = EvilEye.app; sourceTree = BUILT_PRODUCTS_DIR; };
		994552A02A8CD8AB00F55F58 /* EvilEyeApp.swift */ = {isa = PBXFileReference; lastKnownFileType = sourcecode.swift; path = EvilEyeApp.swift; sourceTree = "<group>"; };
		994552A22A8CD8AB00F55F58 /* ContentView.swift */ = {isa = PBXFileReference; lastKnownFileType = sourcecode.swift; path = ContentView.swift; sourceTree = "<group>"; };
		994552A42A8CD8AC00F55F58 /* Assets.xcassets */ = {isa = PBXFileReference; lastKnownFileType = folder.assetcatalog; path = Assets.xcassets; sourceTree = "<group>"; };
		994552A72A8CD8AC00F55F58 /* Preview Assets.xcassets */ = {isa = PBXFileReference; lastKnownFileType = folder.assetcatalog; path = "Preview Assets.xcassets"; sourceTree = "<group>"; };
		994552AD2A8CD8AC00F55F58 /* EvilEyeTests.xctest */ = {isa = PBXFileReference; explicitFileType = wrapper.cfbundle; includeInIndex = 0; path = EvilEyeTests.xctest; sourceTree = BUILT_PRODUCTS_DIR; };
		994552B12A8CD8AC00F55F58 /* EvilEyeTests.swift */ = {isa = PBXFileReference; lastKnownFileType = sourcecode.swift; path = EvilEyeTests.swift; sourceTree = "<group>"; };
		994552B72A8CD8AC00F55F58 /* EvilEyeUITests.xctest */ = {isa = PBXFileReference; explicitFileType = wrapper.cfbundle; includeInIndex = 0; path = EvilEyeUITests.xctest; sourceTree = BUILT_PRODUCTS_DIR; };
		994552BB2A8CD8AC00F55F58 /* EvilEyeUITests.swift */ = {isa = PBXFileReference; lastKnownFileType = sourcecode.swift; path = EvilEyeUITests.swift; sourceTree = "<group>"; };
		994552BD2A8CD8AC00F55F58 /* EvilEyeUITestsLaunchTests.swift */ = {isa = PBXFileReference; lastKnownFileType = sourcecode.swift; path = EvilEyeUITestsLaunchTests.swift; sourceTree = "<group>"; };
/* End PBXFileReference section */

/* Begin PBXFrameworksBuildPhase section */
		9945529A2A8CD8AB00F55F58 /* Frameworks */ = {
			isa = PBXFrameworksBuildPhase;
			buildActionMask = 2147483647;
			files = (
			);
			runOnlyForDeploymentPostprocessing = 0;
		};
		994552AA2A8CD8AC00F55F58 /* Frameworks */ = {
			isa = PBXFrameworksBuildPhase;
			buildActionMask = 2147483647;
			files = (
			);
			runOnlyForDeploymentPostprocessing = 0;
		};
		994552B42A8CD8AC00F55F58 /* Frameworks */ = {
			isa = PBXFrameworksBuildPhase;
			buildActionMask = 2147483647;
			files = (
			);
			runOnlyForDeploymentPostprocessing = 0;
		};
/* End PBXFrameworksBuildPhase section */

/* Begin PBXGroup section */
		994552942A8CD8AB00F55F58 = {
			isa = PBXGroup;
			children = (
				9945529F2A8CD8AB00F55F58 /* EvilEye */,
				994552B02A8CD8AC00F55F58 /* EvilEyeTests */,
				994552BA2A8CD8AC00F55F58 /* EvilEyeUITests */,
				9945529E2A8CD8AB00F55F58 /* Products */,
			);
			sourceTree = "<group>";
		};
		9945529E2A8CD8AB00F55F58 /* Products */ = {
			isa = PBXGroup;
			children = (
				9945529D2A8CD8AB00F55F58 /* EvilEye.app */,
				994552AD2A8CD8AC00F55F58 /* EvilEyeTests.xctest */,
				994552B72A8CD8AC00F55F58 /* EvilEyeUITests.xctest */,
			);
			name = Products;
			sourceTree = "<group>";
		};
		9945529F2A8CD8AB00F55F58 /* EvilEye */ = {
			isa = PBXGroup;
			children = (
				994552A02A8CD8AB00F55F58 /* EvilEyeApp.swift */,
				994552A22A8CD8AB00F55F58 /* ContentView.swift */,
				994552A42A8CD8AC00F55F58 /* Assets.xcassets */,
				994552A62A8CD8AC00F55F58 /* Preview Content */,
			);
			path = EvilEye;
			sourceTree = "<group>";
		};
		994552A62A8CD8AC00F55F58 /* Preview Content */ = {
			isa = PBXGroup;
			children = (
				994552A72A8CD8AC00F55F58 /* Preview Assets.xcassets */,
			);
			path = "Preview Content";
			sourceTree = "<group>";
		};
		994552B02A8CD8AC00F55F58 /* EvilEyeTests */ = {
			isa = PBXGroup;
			children = (
				994552B12A8CD8AC00F55F58 /* EvilEyeTests.swift */,
			);
			path = EvilEyeTests;
			sourceTree = "<group>";
		};
		994552BA2A8CD8AC00F55F58 /* EvilEyeUITests */ = {
			isa = PBXGroup;
			children = (
				994552BB2A8CD8AC00F55F58 /* EvilEyeUITests.swift */,
				994552BD2A8CD8AC00F55F58 /* EvilEyeUITestsLaunchTests.swift */,
			);
			path = EvilEyeUITests;
			sourceTree = "<group>";
		};
/* End PBXGroup section */

/* Begin PBXNativeTarget section */
		9945529C2A8CD8AB00F55F58 /* EvilEye */ = {
			isa = PBXNativeTarget;
			buildConfigurationList = 994552C12A8CD8AC00F55F58 /* Build configuration list for PBXNativeTarget "EvilEye" */;
			buildPhases = (
				994552992A8CD8AB00F55F58 /* Sources */,
				9945529A2A8CD8AB00F55F58 /* Frameworks */,
				9945529B2A8CD8AB00F55F58 /* Resources */,
			);
			buildRules = (
			);
			dependencies = (
			);
			name = EvilEye;
			productName = EvilEye;
			productReference = 9945529D2A8CD8AB00F55F58 /* EvilEye.app */;
			productType = "com.apple.product-type.application";
		};
		994552AC2A8CD8AC00F55F58 /* EvilEyeTests */ = {
			isa = PBXNativeTarget;
			buildConfigurationList = 994552C42A8CD8AC00F55F58 /* Build configuration list for PBXNativeTarget "EvilEyeTests" */;
			buildPhases = (
				994552A92A8CD8AC00F55F58 /* Sources */,
				994552AA2A8CD8AC00F55F58 /* Frameworks */,
				994552AB2A8CD8AC00F55F58 /* Resources */,
			);
			buildRules = (
			);
			dependencies = (
				994552AF2A8CD8AC00F55F58 /* PBXTargetDependency */,
			);
			name = EvilEyeTests;
			productName = EvilEyeTests;
			productReference = 994552AD2A8CD8AC00F55F58 /* EvilEyeTests.xctest */;
			productType = "com.apple.product-type.bundle.unit-test";
		};
		994552B62A8CD8AC00F55F58 /* EvilEyeUITests */ = {
			isa = PBXNativeTarget;
			buildConfigurationList = 994552C72A8CD8AC00F55F58 /* Build configuration list for PBXNativeTarget "EvilEyeUITests" */;
			buildPhases = (
				994552B32A8CD8AC00F55F58 /* Sources */,
				994552B42A8CD8AC00F55F58 /* Frameworks */,
				994552B52A8CD8AC00F55F58 /* Resources */,
			);
			buildRules = (
			);
			dependencies = (
				994552B92A8CD8AC00F55F58 /* PBXTargetDependency */,
			);
			name = EvilEyeUITests;
			productName = EvilEyeUITests;
			productReference = 994552B72A8CD8AC00F55F58 /* EvilEyeUITests.xctest */;
			productType = "com.apple.product-type.bundle.ui-testing";
		};
/* End PBXNativeTarget section */

/* Begin PBXProject section */
		994552952A8CD8AB00F55F58 /* Project object */ = {
			isa = PBXProject;
			attributes = {
				BuildIndependentTargetsInParallel = 1;
				LastSwiftUpdateCheck = 1430;
				LastUpgradeCheck = 1430;
				TargetAttributes = {
					9945529C2A8CD8AB00F55F58 = {
						CreatedOnToolsVersion = 14.3;
					};
					994552AC2A8CD8AC00F55F58 = {
						CreatedOnToolsVersion = 14.3;
						TestTargetID = 9945529C2A8CD8AB00F55F58;
					};
					994552B62A8CD8AC00F55F58 = {
						CreatedOnToolsVersion = 14.3;
						TestTargetID = 9945529C2A8CD8AB00F55F58;
					};
				};
			};
			buildConfigurationList = 994552982A8CD8AB00F55F58 /* Build configuration list for PBXProject "EvilEye" */;
			compatibilityVersion = "Xcode 14.0";
			developmentRegion = en;
			hasScannedForEncodings = 0;
			knownRegions = (
				en,
				Base,
			);
			mainGroup = 994552942A8CD8AB00F55F58;
			productRefGroup = 9945529E2A8CD8AB00F55F58 /* Products */;
			projectDirPath = "";
			projectRoot = "";
			targets = (
				9945529C2A8CD8AB00F55F58 /* EvilEye */,
				994552AC2A8CD8AC00F55F58 /* EvilEyeTests */,
				994552B62A8CD8AC00F55F58 /* EvilEyeUITests */,
			);
		};
/* End PBXProject section */

/* Begin PBXResourcesBuildPhase section */
		9945529B2A8CD8AB00F55F58 /* Resources */ = {
			isa = PBXResourcesBuildPhase;
			buildActionMask = 2147483647;
			files = (
				994552A82A8CD8AC00F55F58 /* Preview Assets.xcassets in Resources */,
				994552A52A8CD8AC00F55F58 /* Assets.xcassets in Resources */,
			);
			runOnlyForDeploymentPostprocessing = 0;
		};
		994552AB2A8CD8AC00F55F58 /* Resources */ = {
			isa = PBXResourcesBuildPhase;
			buildActionMask = 2147483647;
			files = (
			);
			runOnlyForDeploymentPostprocessing = 0;
		};
		994552B52A8CD8AC00F55F58 /* Resources */ = {
			isa = PBXResourcesBuildPhase;
			buildActionMask = 2147483647;
			files = (
			);
			runOnlyForDeploymentPostprocessing = 0;
		};
/* End PBXResourcesBuildPhase section */

/* Begin PBXSourcesBuildPhase section */
		994552992A8CD8AB00F55F58 /* Sources */ = {
			isa = PBXSourcesBuildPhase;
			buildActionMask = 2147483647;
			files = (
				994552A32A8CD8AB00F55F58 /* ContentView.swift in Sources */,
				994552A12A8CD8AB00F55F58 /* EvilEyeApp.swift in Sources */,
			);
			runOnlyForDeploymentPostprocessing = 0;
		};
		994552A92A8CD8AC00F55F58 /* Sources */ = {
			isa = PBXSourcesBuildPhase;
			buildActionMask = 2147483647;
			files = (
				994552B22A8CD8AC00F55F58 /* EvilEyeTests.swift in Sources */,
			);
			runOnlyForDeploymentPostprocessing = 0;
		};
		994552B32A8CD8AC00F55F58 /* Sources */ = {
			isa = PBXSourcesBuildPhase;
			buildActionMask = 2147483647;
			files = (
				994552BE2A8CD8AC00F55F58 /* EvilEyeUITestsLaunchTests.swift in Sources */,
				994552BC2A8CD8AC00F55F58 /* EvilEyeUITests.swift in Sources */,
			);
			runOnlyForDeploymentPostprocessing = 0;
		};
/* End PBXSourcesBuildPhase section */

/* Begin PBXTargetDependency section */
		994552AF2A8CD8AC00F55F58 /* PBXTargetDependency */ = {
			isa = PBXTargetDependency;
			target = 9945529C2A8CD8AB00F55F58 /* EvilEye */;
			targetProxy = 994552AE2A8CD8AC00F55F58 /* PBXContainerItemProxy */;
		};
		994552B92A8CD8AC00F55F58 /* PBXTargetDependency */ = {
			isa = PBXTargetDependency;
			target = 9945529C2A8CD8AB00F55F58 /* EvilEye */;
			targetProxy = 994552B82A8CD8AC00F55F58 /* PBXContainerItemProxy */;
		};
/* End PBXTargetDependency section */

/* Begin XCBuildConfiguration section */
		994552BF2A8CD8AC00F55F58 /* Debug */ = {
			isa = XCBuildConfiguration;
			buildSettings = {
				ALWAYS_SEARCH_USER_PATHS = NO;
				CLANG_ANALYZER_NONNULL = YES;
				CLANG_ANALYZER_NUMBER_OBJECT_CONVERSION = YES_AGGRESSIVE;
				CLANG_CXX_LANGUAGE_STANDARD = "gnu++20";
				CLANG_ENABLE_MODULES = YES;
				CLANG_ENABLE_OBJC_ARC = YES;
				CLANG_ENABLE_OBJC_WEAK = YES;
				CLANG_WARN_BLOCK_CAPTURE_AUTORELEASING = YES;
				CLANG_WARN_BOOL_CONVERSION = YES;
				CLANG_WARN_COMMA = YES;
				CLANG_WARN_CONSTANT_CONVERSION = YES;
				CLANG_WARN_DEPRECATED_OBJC_IMPLEMENTATIONS = YES;
				CLANG_WARN_DIRECT_OBJC_ISA_USAGE = YES_ERROR;
				CLANG_WARN_DOCUMENTATION_COMMENTS = YES;
				CLANG_WARN_EMPTY_BODY = YES;
				CLANG_WARN_ENUM_CONVERSION = YES;
				CLANG_WARN_INFINITE_RECURSION = YES;
				CLANG_WARN_INT_CONVERSION = YES;
				CLANG_WARN_NON_LITERAL_NULL_CONVERSION = YES;
				CLANG_WARN_OBJC_IMPLICIT_RETAIN_SELF = YES;
				CLANG_WARN_OBJC_LITERAL_CONVERSION = YES;
				CLANG_WARN_OBJC_ROOT_CLASS = YES_ERROR;
				CLANG_WARN_QUOTED_INCLUDE_IN_FRAMEWORK_HEADER = YES;
				CLANG_WARN_RANGE_LOOP_ANALYSIS = YES;
				CLANG_WARN_STRICT_PROTOTYPES = YES;
				CLANG_WARN_SUSPICIOUS_MOVE = YES;
				CLANG_WARN_UNGUARDED_AVAILABILITY = YES_AGGRESSIVE;
				CLANG_WARN_UNREACHABLE_CODE = YES;
				CLANG_WARN__DUPLICATE_METHOD_MATCH = YES;
				COPY_PHASE_STRIP = NO;
				DEBUG_INFORMATION_FORMAT = dwarf;
				ENABLE_STRICT_OBJC_MSGSEND = YES;
				ENABLE_TESTABILITY = YES;
				GCC_C_LANGUAGE_STANDARD = gnu11;
				GCC_DYNAMIC_NO_PIC = NO;
				GCC_NO_COMMON_BLOCKS = YES;
				GCC_OPTIMIZATION_LEVEL = 0;
				GCC_PREPROCESSOR_DEFINITIONS = (
					"DEBUG=1",
					"$(inherited)",
				);
				GCC_WARN_64_TO_32_BIT_CONVERSION = YES;
				GCC_WARN_ABOUT_RETURN_TYPE = YES_ERROR;
				GCC_WARN_UNDECLARED_SELECTOR = YES;
				GCC_WARN_UNINITIALIZED_AUTOS = YES_AGGRESSIVE;
				GCC_WARN_UNUSED_FUNCTION = YES;
				GCC_WARN_UNUSED_VARIABLE = YES;
				IPHONEOS_DEPLOYMENT_TARGET = 16.4;
				MTL_ENABLE_DEBUG_INFO = INCLUDE_SOURCE;
				MTL_FAST_MATH = YES;
				ONLY_ACTIVE_ARCH = YES;
				SDKROOT = iphoneos;
				SWIFT_ACTIVE_COMPILATION_CONDITIONS = DEBUG;
				SWIFT_OPTIMIZATION_LEVEL = "-Onone";
			};
			name = Debug;
		};
		994552C02A8CD8AC00F55F58 /* Release */ = {
			isa = XCBuildConfiguration;
			buildSettings = {
				ALWAYS_SEARCH_USER_PATHS = NO;
				CLANG_ANALYZER_NONNULL = YES;
				CLANG_ANALYZER_NUMBER_OBJECT_CONVERSION = YES_AGGRESSIVE;
				CLANG_CXX_LANGUAGE_STANDARD = "gnu++20";
				CLANG_ENABLE_MODULES = YES;
				CLANG_ENABLE_OBJC_ARC = YES;
				CLANG_ENABLE_OBJC_WEAK = YES;
				CLANG_WARN_BLOCK_CAPTURE_AUTORELEASING = YES;
				CLANG_WARN_BOOL_CONVERSION = YES;
				CLANG_WARN_COMMA = YES;
				CLANG_WARN_CONSTANT_CONVERSION = YES;
				CLANG_WARN_DEPRECATED_OBJC_IMPLEMENTATIONS = YES;
				CLANG_WARN_DIRECT_OBJC_ISA_USAGE = YES_ERROR;
				CLANG_WARN_DOCUMENTATION_COMMENTS = YES;
				CLANG_WARN_EMPTY_BODY = YES;
				CLANG_WARN_ENUM_CONVERSION = YES;
				CLANG_WARN_INFINITE_RECURSION = YES;
				CLANG_WARN_INT_CONVERSION = YES;
				CLANG_WARN_NON_LITERAL_NULL_CONVERSION = YES;
				CLANG_WARN_OBJC_IMPLICIT_RETAIN_SELF = YES;
				CLANG_WARN_OBJC_LITERAL_CONVERSION = YES;
				CLANG_WARN_OBJC_ROOT_CLASS = YES_ERROR;
				CLANG_WARN_QUOTED_INCLUDE_IN_FRAMEWORK_HEADER = YES;
				CLANG_WARN_RANGE_LOOP_ANALYSIS = YES;
				CLANG_WARN_STRICT_PROTOTYPES = YES;
				CLANG_WARN_SUSPICIOUS_MOVE = YES;
				CLANG_WARN_UNGUARDED_AVAILABILITY = YES_AGGRESSIVE;
				CLANG_WARN_UNREACHABLE_CODE = YES;
				CLANG_WARN__DUPLICATE_METHOD_MATCH = YES;
				COPY_PHASE_STRIP = NO;
				DEBUG_INFORMATION_FORMAT = "dwarf-with-dsym";
				ENABLE_NS_ASSERTIONS = NO;
				ENABLE_STRICT_OBJC_MSGSEND = YES;
				GCC_C_LANGUAGE_STANDARD = gnu11;
				GCC_NO_COMMON_BLOCKS = YES;
				GCC_WARN_64_TO_32_BIT_CONVERSION = YES;
				GCC_WARN_ABOUT_RETURN_TYPE = YES_ERROR;
				GCC_WARN_UNDECLARED_SELECTOR = YES;
				GCC_WARN_UNINITIALIZED_AUTOS = YES_AGGRESSIVE;
				GCC_WARN_UNUSED_FUNCTION = YES;
				GCC_WARN_UNUSED_VARIABLE = YES;
				IPHONEOS_DEPLOYMENT_TARGET = 16.4;
				MTL_ENABLE_DEBUG_INFO = NO;
				MTL_FAST_MATH = YES;
				SDKROOT = iphoneos;
				SWIFT_COMPILATION_MODE = wholemodule;
				SWIFT_OPTIMIZATION_LEVEL = "-O";
				VALIDATE_PRODUCT = YES;
			};
			name = Release;
		};
		994552C22A8CD8AC00F55F58 /* Debug */ = {
			isa = XCBuildConfiguration;
			buildSettings = {
				ASSETCATALOG_COMPILER_APPICON_NAME = AppIcon;
				ASSETCATALOG_COMPILER_GLOBAL_ACCENT_COLOR_NAME = AccentColor;
				CODE_SIGN_STYLE = Automatic;
				CURRENT_PROJECT_VERSION = 1;
				DEVELOPMENT_ASSET_PATHS = "\"EvilEye/Preview Content\"";
				DEVELOPMENT_TEAM = V5L975YGRL;
				ENABLE_PREVIEWS = YES;
				GENERATE_INFOPLIST_FILE = YES;
				INFOPLIST_KEY_UIApplicationSceneManifest_Generation = YES;
				INFOPLIST_KEY_UIApplicationSupportsIndirectInputEvents = YES;
				INFOPLIST_KEY_UILaunchScreen_Generation = YES;
				INFOPLIST_KEY_UISupportedInterfaceOrientations_iPad = "UIInterfaceOrientationPortrait UIInterfaceOrientationPortraitUpsideDown UIInterfaceOrientationLandscapeLeft UIInterfaceOrientationLandscapeRight";
				INFOPLIST_KEY_UISupportedInterfaceOrientations_iPhone = "UIInterfaceOrientationPortrait UIInterfaceOrientationLandscapeLeft UIInterfaceOrientationLandscapeRight";
				LD_RUNPATH_SEARCH_PATHS = (
					"$(inherited)",
					"@executable_path/Frameworks",
				);
				MARKETING_VERSION = 1.0;
				PRODUCT_BUNDLE_IDENTIFIER = com.EvilEye.EvilEye;
				PRODUCT_NAME = "$(TARGET_NAME)";
				SWIFT_EMIT_LOC_STRINGS = YES;
				SWIFT_VERSION = 5.0;
				TARGETED_DEVICE_FAMILY = "1,2";
			};
			name = Debug;
		};
		994552C32A8CD8AC00F55F58 /* Release */ = {
			isa = XCBuildConfiguration;
			buildSettings = {
				ASSETCATALOG_COMPILER_APPICON_NAME = AppIcon;
				ASSETCATALOG_COMPILER_GLOBAL_ACCENT_COLOR_NAME = AccentColor;
				CODE_SIGN_STYLE = Automatic;
				CURRENT_PROJECT_VERSION = 1;
				DEVELOPMENT_ASSET_PATHS = "\"EvilEye/Preview Content\"";
				DEVELOPMENT_TEAM = V5L975YGRL;
				ENABLE_PREVIEWS = YES;
				GENERATE_INFOPLIST_FILE = YES;
				INFOPLIST_KEY_UIApplicationSceneManifest_Generation = YES;
				INFOPLIST_KEY_UIApplicationSupportsIndirectInputEvents = YES;
				INFOPLIST_KEY_UILaunchScreen_Generation = YES;
				INFOPLIST_KEY_UISupportedInterfaceOrientations_iPad = "UIInterfaceOrientationPortrait UIInterfaceOrientationPortraitUpsideDown UIInterfaceOrientationLandscapeLeft UIInterfaceOrientationLandscapeRight";
				INFOPLIST_KEY_UISupportedInterfaceOrientations_iPhone = "UIInterfaceOrientationPortrait UIInterfaceOrientationLandscapeLeft UIInterfaceOrientationLandscapeRight";
				LD_RUNPATH_SEARCH_PATHS = (
					"$(inherited)",
					"@executable_path/Frameworks",
				);
				MARKETING_VERSION = 1.0;
				PRODUCT_BUNDLE_IDENTIFIER = com.EvilEye.EvilEye;
				PRODUCT_NAME = "$(TARGET_NAME)";
				SWIFT_EMIT_LOC_STRINGS = YES;
				SWIFT_VERSION = 5.0;
				TARGETED_DEVICE_FAMILY = "1,2";
			};
			name = Release;
		};
		994552C52A8CD8AC00F55F58 /* Debug */ = {
			isa = XCBuildConfiguration;
			buildSettings = {
				ALWAYS_EMBED_SWIFT_STANDARD_LIBRARIES = YES;
				BUNDLE_LOADER = "$(TEST_HOST)";
				CODE_SIGN_STYLE = Automatic;
				CURRENT_PROJECT_VERSION = 1;
				DEVELOPMENT_TEAM = V5L975YGRL;
				GENERATE_INFOPLIST_FILE = YES;
				IPHONEOS_DEPLOYMENT_TARGET = 16.4;
				MARKETING_VERSION = 1.0;
				PRODUCT_BUNDLE_IDENTIFIER = com.EvilEye.EvilEyeTests;
				PRODUCT_NAME = "$(TARGET_NAME)";
				SWIFT_EMIT_LOC_STRINGS = NO;
				SWIFT_VERSION = 5.0;
				TARGETED_DEVICE_FAMILY = "1,2";
				TEST_HOST = "$(BUILT_PRODUCTS_DIR)/EvilEye.app/$(BUNDLE_EXECUTABLE_FOLDER_PATH)/EvilEye";
			};
			name = Debug;
		};
		994552C62A8CD8AC00F55F58 /* Release */ = {
			isa = XCBuildConfiguration;
			buildSettings = {
				ALWAYS_EMBED_SWIFT_STANDARD_LIBRARIES = YES;
				BUNDLE_LOADER = "$(TEST_HOST)";
				CODE_SIGN_STYLE = Automatic;
				CURRENT_PROJECT_VERSION = 1;
				DEVELOPMENT_TEAM = V5L975YGRL;
				GENERATE_INFOPLIST_FILE = YES;
				IPHONEOS_DEPLOYMENT_TARGET = 16.4;
				MARKETING_VERSION = 1.0;
				PRODUCT_BUNDLE_IDENTIFIER = com.EvilEye.EvilEyeTests;
				PRODUCT_NAME = "$(TARGET_NAME)";
				SWIFT_EMIT_LOC_STRINGS = NO;
				SWIFT_VERSION = 5.0;
				TARGETED_DEVICE_FAMILY = "1,2";
				TEST_HOST = "$(BUILT_PRODUCTS_DIR)/EvilEye.app/$(BUNDLE_EXECUTABLE_FOLDER_PATH)/EvilEye";
			};
			name = Release;
		};
		994552C82A8CD8AC00F55F58 /* Debug */ = {
			isa = XCBuildConfiguration;
			buildSettings = {
				ALWAYS_EMBED_SWIFT_STANDARD_LIBRARIES = YES;
				CODE_SIGN_STYLE = Automatic;
				CURRENT_PROJECT_VERSION = 1;
				DEVELOPMENT_TEAM = V5L975YGRL;
				GENERATE_INFOPLIST_FILE = YES;
				MARKETING_VERSION = 1.0;
				PRODUCT_BUNDLE_IDENTIFIER = com.EvilEye.EvilEyeUITests;
				PRODUCT_NAME = "$(TARGET_NAME)";
				SWIFT_EMIT_LOC_STRINGS = NO;
				SWIFT_VERSION = 5.0;
				TARGETED_DEVICE_FAMILY = "1,2";
				TEST_TARGET_NAME = EvilEye;
			};
			name = Debug;
		};
		994552C92A8CD8AC00F55F58 /* Release */ = {
			isa = XCBuildConfiguration;
			buildSettings = {
				ALWAYS_EMBED_SWIFT_STANDARD_LIBRARIES = YES;
				CODE_SIGN_STYLE = Automatic;
				CURRENT_PROJECT_VERSION = 1;
				DEVELOPMENT_TEAM = V5L975YGRL;
				GENERATE_INFOPLIST_FILE = YES;
				MARKETING_VERSION = 1.0;
				PRODUCT_BUNDLE_IDENTIFIER = com.EvilEye.EvilEyeUITests;
				PRODUCT_NAME = "$(TARGET_NAME)";
				SWIFT_EMIT_LOC_STRINGS = NO;
				SWIFT_VERSION = 5.0;
				TARGETED_DEVICE_FAMILY = "1,2";
				TEST_TARGET_NAME = EvilEye;
			};
			name = Release;
		};
/* End XCBuildConfiguration section */

/* Begin XCConfigurationList section */
		994552982A8CD8AB00F55F58 /* Build configuration list for PBXProject "EvilEye" */ = {
			isa = XCConfigurationList;
			buildConfigurations = (
				994552BF2A8CD8AC00F55F58 /* Debug */,
				994552C02A8CD8AC00F55F58 /* Release */,
			);
			defaultConfigurationIsVisible = 0;
			defaultConfigurationName = Release;
		};
		994552C12A8CD8AC00F55F58 /* Build configuration list for PBXNativeTarget "EvilEye" */ = {
			isa = XCConfigurationList;
			buildConfigurations = (
				994552C22A8CD8AC00F55F58 /* Debug */,
				994552C32A8CD8AC00F55F58 /* Release */,
			);
			defaultConfigurationIsVisible = 0;
			defaultConfigurationName = Release;
		};
		994552C42A8CD8AC00F55F58 /* Build configuration list for PBXNativeTarget "EvilEyeTests" */ = {
			isa = XCConfigurationList;
			buildConfigurations = (
				994552C52A8CD8AC00F55F58 /* Debug */,
				994552C62A8CD8AC00F55F58 /* Release */,
			);
			defaultConfigurationIsVisible = 0;
			defaultConfigurationName = Release;
		};
		994552C72A8CD8AC00F55F58 /* Build configuration list for PBXNativeTarget "EvilEyeUITests" */ = {
			isa = XCConfigurationList;
			buildConfigurations = (
				994552C82A8CD8AC00F55F58 /* Debug */,
				994552C92A8CD8AC00F55F58 /* Release */,
			);
			defaultConfigurationIsVisible = 0;
			defaultConfigurationName = Release;
		};
/* End XCConfigurationList section */
	};
	rootObject = 994552952A8CD8AB00F55F58 /* Project object */;
}
