// !$*UTF8*$!
{
	archiveVersion = 1;
	classes = {
	};
	objectVersion = 56;
	objects = {

/* Begin PBXBuildFile section */
		9908F88A2AA4C94000F02163 /* AppEntity.swift in Sources */ = {isa = PBXBuildFile; fileRef = 9908F8892AA4C94000F02163 /* AppEntity.swift */; };
		9908F8912AA4D33C00F02163 /* ProtectionVM.swift in Sources */ = {isa = PBXBuildFile; fileRef = 9908F8902AA4D33C00F02163 /* ProtectionVM.swift */; };
		990F3F112AB2087A003D704A /* ProtectFromAppIntent.swift in Sources */ = {isa = PBXBuildFile; fileRef = 990F3F102AB2087A003D704A /* ProtectFromAppIntent.swift */; };
		990F3F142AB2096E003D704A /* AppToProtect.swift in Sources */ = {isa = PBXBuildFile; fileRef = 990F3F132AB2096E003D704A /* AppToProtect.swift */; };
		990F3F182AB212D5003D704A /* ProtectedApp.swift in Sources */ = {isa = PBXBuildFile; fileRef = 990F3F172AB212D5003D704A /* ProtectedApp.swift */; };
		990F3F1B2AB37365003D704A /* AppProtectionView.swift in Sources */ = {isa = PBXBuildFile; fileRef = 990F3F1A2AB37365003D704A /* AppProtectionView.swift */; };
		990F3F1E2AB3AB26003D704A /* ProtectedAppsListView.swift in Sources */ = {isa = PBXBuildFile; fileRef = 990F3F1D2AB3AB26003D704A /* ProtectedAppsListView.swift */; };
		994552A12A8CD8AB00F55F58 /* EvilEyeApp.swift in Sources */ = {isa = PBXBuildFile; fileRef = 994552A02A8CD8AB00F55F58 /* EvilEyeApp.swift */; };
		994552A32A8CD8AB00F55F58 /* ContentView.swift in Sources */ = {isa = PBXBuildFile; fileRef = 994552A22A8CD8AB00F55F58 /* ContentView.swift */; };
		994552A52A8CD8AC00F55F58 /* Assets.xcassets in Resources */ = {isa = PBXBuildFile; fileRef = 994552A42A8CD8AC00F55F58 /* Assets.xcassets */; };
		994552A82A8CD8AC00F55F58 /* Preview Assets.xcassets in Resources */ = {isa = PBXBuildFile; fileRef = 994552A72A8CD8AC00F55F58 /* Preview Assets.xcassets */; };
		994552B22A8CD8AC00F55F58 /* EvilEyeTests.swift in Sources */ = {isa = PBXBuildFile; fileRef = 994552B12A8CD8AC00F55F58 /* EvilEyeTests.swift */; };
		994552BC2A8CD8AC00F55F58 /* EvilEyeUITests.swift in Sources */ = {isa = PBXBuildFile; fileRef = 994552BB2A8CD8AC00F55F58 /* EvilEyeUITests.swift */; };
		994552BE2A8CD8AC00F55F58 /* EvilEyeUITestsLaunchTests.swift in Sources */ = {isa = PBXBuildFile; fileRef = 994552BD2A8CD8AC00F55F58 /* EvilEyeUITestsLaunchTests.swift */; };
		9973EFEF2A8F90F1002BC49E /* AppConfig.swift in Sources */ = {isa = PBXBuildFile; fileRef = 9973EFEE2A8F90F1002BC49E /* AppConfig.swift */; };
		9973EFF12A8F94E3002BC49E /* AppConfigVM.swift in Sources */ = {isa = PBXBuildFile; fileRef = 9973EFF02A8F94E3002BC49E /* AppConfigVM.swift */; };
		9973EFF32A8F97E8002BC49E /* FocusedTextField.swift in Sources */ = {isa = PBXBuildFile; fileRef = 9973EFF22A8F97E8002BC49E /* FocusedTextField.swift */; };
		9973EFFA2A8FAE99002BC49E /* AppGroupCell.swift in Sources */ = {isa = PBXBuildFile; fileRef = 9973EFF92A8FAE99002BC49E /* AppGroupCell.swift */; };
		9973F00A2A8FD6B0002BC49E /* SharedFramework.framework in Frameworks */ = {isa = PBXBuildFile; fileRef = 9973F0002A8FD6B0002BC49E /* SharedFramework.framework */; };
		9973F0152A8FD6B0002BC49E /* SharedFramework.framework in Frameworks */ = {isa = PBXBuildFile; fileRef = 9973F0002A8FD6B0002BC49E /* SharedFramework.framework */; };
		9973F0162A8FD6B0002BC49E /* SharedFramework.framework in Embed Frameworks */ = {isa = PBXBuildFile; fileRef = 9973F0002A8FD6B0002BC49E /* SharedFramework.framework */; settings = {ATTRIBUTES = (CodeSignOnCopy, RemoveHeadersOnCopy, ); }; };
		997DFB652A94E0A400774552 /* AppIcon.swift in Sources */ = {isa = PBXBuildFile; fileRef = 997DFB642A94E0A400774552 /* AppIcon.swift */; };
		997DFB672A94E1B700774552 /* AppCell.swift in Sources */ = {isa = PBXBuildFile; fileRef = 997DFB662A94E1B700774552 /* AppCell.swift */; };
		997DFB692A94E97D00774552 /* AddAppCell.swift in Sources */ = {isa = PBXBuildFile; fileRef = 997DFB682A94E97D00774552 /* AddAppCell.swift */; };
		997DFB6B2A95096800774552 /* DeviceActivityService.swift in Sources */ = {isa = PBXBuildFile; fileRef = 997DFB6A2A95096800774552 /* DeviceActivityService.swift */; };
		998FDEC02A8CF1EB0051EDB7 /* SFSymbol.swift in Sources */ = {isa = PBXBuildFile; fileRef = 998FDEBF2A8CF1EB0051EDB7 /* SFSymbol.swift */; };
		998FDEC22A8CF20B0051EDB7 /* PrimaryButtonLabel.swift in Sources */ = {isa = PBXBuildFile; fileRef = 998FDEC12A8CF20B0051EDB7 /* PrimaryButtonLabel.swift */; };
		998FDEC42A8CF2160051EDB7 /* ButtonHelper.swift in Sources */ = {isa = PBXBuildFile; fileRef = 998FDEC32A8CF2160051EDB7 /* ButtonHelper.swift */; };
		998FDEC72A8CF25D0051EDB7 /* TextModifier.swift in Sources */ = {isa = PBXBuildFile; fileRef = 998FDEC62A8CF25D0051EDB7 /* TextModifier.swift */; };
		998FDEC92A8CF2650051EDB7 /* TextHelper.swift in Sources */ = {isa = PBXBuildFile; fileRef = 998FDEC82A8CF2650051EDB7 /* TextHelper.swift */; };
		998FDECC2A8CF3400051EDB7 /* NavigationSceleton.swift in Sources */ = {isa = PBXBuildFile; fileRef = 998FDECB2A8CF3400051EDB7 /* NavigationSceleton.swift */; };
		998FDECF2A8CF4C40051EDB7 /* Logo.swift in Sources */ = {isa = PBXBuildFile; fileRef = 998FDECE2A8CF4C40051EDB7 /* Logo.swift */; };
		998FDED12A8CFED10051EDB7 /* Constants.swift in Sources */ = {isa = PBXBuildFile; fileRef = 998FDED02A8CFED10051EDB7 /* Constants.swift */; };
		998FDED52A8D3BF10051EDB7 /* AppsConfigView.swift in Sources */ = {isa = PBXBuildFile; fileRef = 998FDED42A8D3BF10051EDB7 /* AppsConfigView.swift */; };
		998FDED92A8D5ADE0051EDB7 /* DeviceActivityScheduleVM.swift in Sources */ = {isa = PBXBuildFile; fileRef = 998FDED82A8D5ADE0051EDB7 /* DeviceActivityScheduleVM.swift */; };
		998FDEF72A8D78790051EDB7 /* ManagedSettings.framework in Frameworks */ = {isa = PBXBuildFile; fileRef = 998FDEF62A8D78790051EDB7 /* ManagedSettings.framework */; };
		998FDEF92A8D78790051EDB7 /* ManagedSettingsUI.framework in Frameworks */ = {isa = PBXBuildFile; fileRef = 998FDEF82A8D78790051EDB7 /* ManagedSettingsUI.framework */; };
		998FDEFC2A8D78790051EDB7 /* ShieldConfigurationExtension.swift in Sources */ = {isa = PBXBuildFile; fileRef = 998FDEFB2A8D78790051EDB7 /* ShieldConfigurationExtension.swift */; };
		998FDF012A8D78790051EDB7 /* Shield Configuration.appex in Embed Foundation Extensions */ = {isa = PBXBuildFile; fileRef = 998FDEF42A8D78790051EDB7 /* Shield Configuration.appex */; settings = {ATTRIBUTES = (RemoveHeadersOnCopy, ); }; };
		99C340832A8E0011009849D0 /* DeviceActivity.framework in Frameworks */ = {isa = PBXBuildFile; fileRef = 99C340712A8DFF58009849D0 /* DeviceActivity.framework */; };
		99C340862A8E0011009849D0 /* DeviceActivityMonitorExtension.swift in Sources */ = {isa = PBXBuildFile; fileRef = 99C340852A8E0011009849D0 /* DeviceActivityMonitorExtension.swift */; };
		99C3408B2A8E0011009849D0 /* DeviceActivityMonitor.appex in Embed Foundation Extensions */ = {isa = PBXBuildFile; fileRef = 99C340822A8E0011009849D0 /* DeviceActivityMonitor.appex */; settings = {ATTRIBUTES = (RemoveHeadersOnCopy, ); }; };
		99C340B82A8E1BA0009849D0 /* Bundle+Extension.swift in Sources */ = {isa = PBXBuildFile; fileRef = 99C340B72A8E1BA0009849D0 /* Bundle+Extension.swift */; };
		99C340C02A8E86D5009849D0 /* ManagedSettings.framework in Frameworks */ = {isa = PBXBuildFile; fileRef = 998FDEF62A8D78790051EDB7 /* ManagedSettings.framework */; };
		99C340C32A8E86D5009849D0 /* ShieldActionExtension.swift in Sources */ = {isa = PBXBuildFile; fileRef = 99C340C22A8E86D5009849D0 /* ShieldActionExtension.swift */; };
		99C340C82A8E86D5009849D0 /* ShieldAction.appex in Embed Foundation Extensions */ = {isa = PBXBuildFile; fileRef = 99C340BF2A8E86D5009849D0 /* ShieldAction.appex */; settings = {ATTRIBUTES = (RemoveHeadersOnCopy, ); }; };
		99C340CE2A8F5BED009849D0 /* DatesHelper.swift in Sources */ = {isa = PBXBuildFile; fileRef = 99C340CD2A8F5BED009849D0 /* DatesHelper.swift */; };
		99F611ED2A8CDE46007719E8 /* TabsView.swift in Sources */ = {isa = PBXBuildFile; fileRef = 99F611EC2A8CDE46007719E8 /* TabsView.swift */; };
		99F611EF2A8CDE4E007719E8 /* OverviewView.swift in Sources */ = {isa = PBXBuildFile; fileRef = 99F611EE2A8CDE4E007719E8 /* OverviewView.swift */; };
		99F611F52A8CE393007719E8 /* FamilyControlsVM.swift in Sources */ = {isa = PBXBuildFile; fileRef = 99F611F42A8CE393007719E8 /* FamilyControlsVM.swift */; };
		99F611FD2A8CEEC5007719E8 /* NotApprovedView.swift in Sources */ = {isa = PBXBuildFile; fileRef = 99F611FC2A8CEEC5007719E8 /* NotApprovedView.swift */; };
/* End PBXBuildFile section */

/* Begin PBXContainerItemProxy section */
		994552AE2A8CD8AC00F55F58 /* PBXContainerItemProxy */ = {
			isa = PBXContainerItemProxy;
			containerPortal = 994552952A8CD8AB00F55F58 /* Project object */;
			proxyType = 1;
			remoteGlobalIDString = 9945529C2A8CD8AB00F55F58;
			remoteInfo = EvilEye;
		};
		994552B82A8CD8AC00F55F58 /* PBXContainerItemProxy */ = {
			isa = PBXContainerItemProxy;
			containerPortal = 994552952A8CD8AB00F55F58 /* Project object */;
			proxyType = 1;
			remoteGlobalIDString = 9945529C2A8CD8AB00F55F58;
			remoteInfo = EvilEye;
		};
		9973F00B2A8FD6B0002BC49E /* PBXContainerItemProxy */ = {
			isa = PBXContainerItemProxy;
			containerPortal = 994552952A8CD8AB00F55F58 /* Project object */;
			proxyType = 1;
			remoteGlobalIDString = 9973EFFF2A8FD6AF002BC49E;
			remoteInfo = SharedFramework;
		};
		9973F00D2A8FD6B0002BC49E /* PBXContainerItemProxy */ = {
			isa = PBXContainerItemProxy;
			containerPortal = 994552952A8CD8AB00F55F58 /* Project object */;
			proxyType = 1;
			remoteGlobalIDString = 9945529C2A8CD8AB00F55F58;
			remoteInfo = EvilEye;
		};
		9973F0132A8FD6B0002BC49E /* PBXContainerItemProxy */ = {
			isa = PBXContainerItemProxy;
			containerPortal = 994552952A8CD8AB00F55F58 /* Project object */;
			proxyType = 1;
			remoteGlobalIDString = 9973EFFF2A8FD6AF002BC49E;
			remoteInfo = SharedFramework;
		};
		998FDEFF2A8D78790051EDB7 /* PBXContainerItemProxy */ = {
			isa = PBXContainerItemProxy;
			containerPortal = 994552952A8CD8AB00F55F58 /* Project object */;
			proxyType = 1;
			remoteGlobalIDString = 998FDEF32A8D78790051EDB7;
			remoteInfo = "Shield Configuration";
		};
		99C340892A8E0011009849D0 /* PBXContainerItemProxy */ = {
			isa = PBXContainerItemProxy;
			containerPortal = 994552952A8CD8AB00F55F58 /* Project object */;
			proxyType = 1;
			remoteGlobalIDString = 99C340812A8E0011009849D0;
			remoteInfo = DeviceActivityMonitor;
		};
		99C340C62A8E86D5009849D0 /* PBXContainerItemProxy */ = {
			isa = PBXContainerItemProxy;
			containerPortal = 994552952A8CD8AB00F55F58 /* Project object */;
			proxyType = 1;
			remoteGlobalIDString = 99C340BE2A8E86D5009849D0;
			remoteInfo = ShieldAction;
		};
/* End PBXContainerItemProxy section */

/* Begin PBXCopyFilesBuildPhase section */
		9973F01A2A8FD6B0002BC49E /* Embed Frameworks */ = {
			isa = PBXCopyFilesBuildPhase;
			buildActionMask = 2147483647;
			dstPath = "";
			dstSubfolderSpec = 10;
			files = (
				9973F0162A8FD6B0002BC49E /* SharedFramework.framework in Embed Frameworks */,
			);
			name = "Embed Frameworks";
			runOnlyForDeploymentPostprocessing = 0;
		};
		998FDF052A8D78790051EDB7 /* Embed Foundation Extensions */ = {
			isa = PBXCopyFilesBuildPhase;
			buildActionMask = 2147483647;
			dstPath = "";
			dstSubfolderSpec = 13;
			files = (
				99C340C82A8E86D5009849D0 /* ShieldAction.appex in Embed Foundation Extensions */,
				99C3408B2A8E0011009849D0 /* DeviceActivityMonitor.appex in Embed Foundation Extensions */,
				998FDF012A8D78790051EDB7 /* Shield Configuration.appex in Embed Foundation Extensions */,
			);
			name = "Embed Foundation Extensions";
			runOnlyForDeploymentPostprocessing = 0;
		};
		99C340A32A8E002F009849D0 /* Embed ExtensionKit Extensions */ = {
			isa = PBXCopyFilesBuildPhase;
			buildActionMask = 2147483647;
			dstPath = "$(EXTENSIONS_FOLDER_PATH)";
			dstSubfolderSpec = 16;
			files = (
			);
			name = "Embed ExtensionKit Extensions";
			runOnlyForDeploymentPostprocessing = 0;
		};
/* End PBXCopyFilesBuildPhase section */

/* Begin PBXFileReference section */
		9908F8892AA4C94000F02163 /* AppEntity.swift */ = {isa = PBXFileReference; lastKnownFileType = sourcecode.swift; path = AppEntity.swift; sourceTree = "<group>"; };
		9908F8902AA4D33C00F02163 /* ProtectionVM.swift */ = {isa = PBXFileReference; lastKnownFileType = sourcecode.swift; path = ProtectionVM.swift; sourceTree = "<group>"; };
		990F3F102AB2087A003D704A /* ProtectFromAppIntent.swift */ = {isa = PBXFileReference; lastKnownFileType = sourcecode.swift; path = ProtectFromAppIntent.swift; sourceTree = "<group>"; };
		990F3F132AB2096E003D704A /* AppToProtect.swift */ = {isa = PBXFileReference; lastKnownFileType = sourcecode.swift; path = AppToProtect.swift; sourceTree = "<group>"; };
		990F3F172AB212D5003D704A /* ProtectedApp.swift */ = {isa = PBXFileReference; lastKnownFileType = sourcecode.swift; path = ProtectedApp.swift; sourceTree = "<group>"; };
		990F3F1A2AB37365003D704A /* AppProtectionView.swift */ = {isa = PBXFileReference; lastKnownFileType = sourcecode.swift; path = AppProtectionView.swift; sourceTree = "<group>"; };
		990F3F1D2AB3AB26003D704A /* ProtectedAppsListView.swift */ = {isa = PBXFileReference; lastKnownFileType = sourcecode.swift; path = ProtectedAppsListView.swift; sourceTree = "<group>"; };
		9945529D2A8CD8AB00F55F58 /* EvilEye.app */ = {isa = PBXFileReference; explicitFileType = wrapper.application; includeInIndex = 0; path = EvilEye.app; sourceTree = BUILT_PRODUCTS_DIR; };
		994552A02A8CD8AB00F55F58 /* EvilEyeApp.swift */ = {isa = PBXFileReference; lastKnownFileType = sourcecode.swift; path = EvilEyeApp.swift; sourceTree = "<group>"; };
		994552A22A8CD8AB00F55F58 /* ContentView.swift */ = {isa = PBXFileReference; lastKnownFileType = sourcecode.swift; path = ContentView.swift; sourceTree = "<group>"; };
		994552A42A8CD8AC00F55F58 /* Assets.xcassets */ = {isa = PBXFileReference; lastKnownFileType = folder.assetcatalog; path = Assets.xcassets; sourceTree = "<group>"; };
		994552A72A8CD8AC00F55F58 /* Preview Assets.xcassets */ = {isa = PBXFileReference; lastKnownFileType = folder.assetcatalog; path = "Preview Assets.xcassets"; sourceTree = "<group>"; };
		994552AD2A8CD8AC00F55F58 /* EvilEyeTests.xctest */ = {isa = PBXFileReference; explicitFileType = wrapper.cfbundle; includeInIndex = 0; path = EvilEyeTests.xctest; sourceTree = BUILT_PRODUCTS_DIR; };
		994552B12A8CD8AC00F55F58 /* EvilEyeTests.swift */ = {isa = PBXFileReference; lastKnownFileType = sourcecode.swift; path = EvilEyeTests.swift; sourceTree = "<group>"; };
		994552B72A8CD8AC00F55F58 /* EvilEyeUITests.xctest */ = {isa = PBXFileReference; explicitFileType = wrapper.cfbundle; includeInIndex = 0; path = EvilEyeUITests.xctest; sourceTree = BUILT_PRODUCTS_DIR; };
		994552BB2A8CD8AC00F55F58 /* EvilEyeUITests.swift */ = {isa = PBXFileReference; lastKnownFileType = sourcecode.swift; path = EvilEyeUITests.swift; sourceTree = "<group>"; };
		994552BD2A8CD8AC00F55F58 /* EvilEyeUITestsLaunchTests.swift */ = {isa = PBXFileReference; lastKnownFileType = sourcecode.swift; path = EvilEyeUITestsLaunchTests.swift; sourceTree = "<group>"; };
		9973EFEE2A8F90F1002BC49E /* AppConfig.swift */ = {isa = PBXFileReference; lastKnownFileType = sourcecode.swift; path = AppConfig.swift; sourceTree = "<group>"; };
		9973EFF02A8F94E3002BC49E /* AppConfigVM.swift */ = {isa = PBXFileReference; lastKnownFileType = sourcecode.swift; path = AppConfigVM.swift; sourceTree = "<group>"; };
		9973EFF22A8F97E8002BC49E /* FocusedTextField.swift */ = {isa = PBXFileReference; lastKnownFileType = sourcecode.swift; path = FocusedTextField.swift; sourceTree = "<group>"; };
		9973EFF92A8FAE99002BC49E /* AppGroupCell.swift */ = {isa = PBXFileReference; lastKnownFileType = sourcecode.swift; path = AppGroupCell.swift; sourceTree = "<group>"; };
		9973F0002A8FD6B0002BC49E /* SharedFramework.framework */ = {isa = PBXFileReference; explicitFileType = wrapper.framework; includeInIndex = 0; path = SharedFramework.framework; sourceTree = BUILT_PRODUCTS_DIR; };
		9973F0092A8FD6B0002BC49E /* SharedFrameworkTests.xctest */ = {isa = PBXFileReference; explicitFileType = wrapper.cfbundle; includeInIndex = 0; path = SharedFrameworkTests.xctest; sourceTree = BUILT_PRODUCTS_DIR; };
		997DFB642A94E0A400774552 /* AppIcon.swift */ = {isa = PBXFileReference; lastKnownFileType = sourcecode.swift; path = AppIcon.swift; sourceTree = "<group>"; };
		997DFB662A94E1B700774552 /* AppCell.swift */ = {isa = PBXFileReference; lastKnownFileType = sourcecode.swift; path = AppCell.swift; sourceTree = "<group>"; };
		997DFB682A94E97D00774552 /* AddAppCell.swift */ = {isa = PBXFileReference; lastKnownFileType = sourcecode.swift; path = AddAppCell.swift; sourceTree = "<group>"; };
		997DFB6A2A95096800774552 /* DeviceActivityService.swift */ = {isa = PBXFileReference; lastKnownFileType = sourcecode.swift; path = DeviceActivityService.swift; sourceTree = "<group>"; };
		998FDEBF2A8CF1EB0051EDB7 /* SFSymbol.swift */ = {isa = PBXFileReference; lastKnownFileType = sourcecode.swift; path = SFSymbol.swift; sourceTree = "<group>"; };
		998FDEC12A8CF20B0051EDB7 /* PrimaryButtonLabel.swift */ = {isa = PBXFileReference; lastKnownFileType = sourcecode.swift; path = PrimaryButtonLabel.swift; sourceTree = "<group>"; };
		998FDEC32A8CF2160051EDB7 /* ButtonHelper.swift */ = {isa = PBXFileReference; lastKnownFileType = sourcecode.swift; path = ButtonHelper.swift; sourceTree = "<group>"; };
		998FDEC62A8CF25D0051EDB7 /* TextModifier.swift */ = {isa = PBXFileReference; lastKnownFileType = sourcecode.swift; path = TextModifier.swift; sourceTree = "<group>"; };
		998FDEC82A8CF2650051EDB7 /* TextHelper.swift */ = {isa = PBXFileReference; lastKnownFileType = sourcecode.swift; path = TextHelper.swift; sourceTree = "<group>"; };
		998FDECB2A8CF3400051EDB7 /* NavigationSceleton.swift */ = {isa = PBXFileReference; lastKnownFileType = sourcecode.swift; path = NavigationSceleton.swift; sourceTree = "<group>"; };
		998FDECE2A8CF4C40051EDB7 /* Logo.swift */ = {isa = PBXFileReference; lastKnownFileType = sourcecode.swift; path = Logo.swift; sourceTree = "<group>"; };
		998FDED02A8CFED10051EDB7 /* Constants.swift */ = {isa = PBXFileReference; lastKnownFileType = sourcecode.swift; path = Constants.swift; sourceTree = "<group>"; };
		998FDED42A8D3BF10051EDB7 /* AppsConfigView.swift */ = {isa = PBXFileReference; lastKnownFileType = sourcecode.swift; path = AppsConfigView.swift; sourceTree = "<group>"; };
		998FDED82A8D5ADE0051EDB7 /* DeviceActivityScheduleVM.swift */ = {isa = PBXFileReference; lastKnownFileType = sourcecode.swift; path = DeviceActivityScheduleVM.swift; sourceTree = "<group>"; };
		998FDEDD2A8D70F70051EDB7 /* Info.plist */ = {isa = PBXFileReference; lastKnownFileType = text.plist; path = Info.plist; sourceTree = "<group>"; };
		998FDEF42A8D78790051EDB7 /* Shield Configuration.appex */ = {isa = PBXFileReference; explicitFileType = "wrapper.app-extension"; includeInIndex = 0; path = "Shield Configuration.appex"; sourceTree = BUILT_PRODUCTS_DIR; };
		998FDEF62A8D78790051EDB7 /* ManagedSettings.framework */ = {isa = PBXFileReference; lastKnownFileType = wrapper.framework; name = ManagedSettings.framework; path = System/Library/Frameworks/ManagedSettings.framework; sourceTree = SDKROOT; };
		998FDEF82A8D78790051EDB7 /* ManagedSettingsUI.framework */ = {isa = PBXFileReference; lastKnownFileType = wrapper.framework; name = ManagedSettingsUI.framework; path = System/Library/Frameworks/ManagedSettingsUI.framework; sourceTree = SDKROOT; };
		998FDEFB2A8D78790051EDB7 /* ShieldConfigurationExtension.swift */ = {isa = PBXFileReference; lastKnownFileType = sourcecode.swift; path = ShieldConfigurationExtension.swift; sourceTree = "<group>"; };
		998FDEFD2A8D78790051EDB7 /* Info.plist */ = {isa = PBXFileReference; lastKnownFileType = text.plist.xml; path = Info.plist; sourceTree = "<group>"; };
		998FDEFE2A8D78790051EDB7 /* Shield_Configuration.entitlements */ = {isa = PBXFileReference; lastKnownFileType = text.plist.entitlements; path = Shield_Configuration.entitlements; sourceTree = "<group>"; };
		99C340712A8DFF58009849D0 /* DeviceActivity.framework */ = {isa = PBXFileReference; lastKnownFileType = wrapper.framework; name = DeviceActivity.framework; path = System/Library/Frameworks/DeviceActivity.framework; sourceTree = SDKROOT; };
		99C340822A8E0011009849D0 /* DeviceActivityMonitor.appex */ = {isa = PBXFileReference; explicitFileType = "wrapper.app-extension"; includeInIndex = 0; path = DeviceActivityMonitor.appex; sourceTree = BUILT_PRODUCTS_DIR; };
		99C340852A8E0011009849D0 /* DeviceActivityMonitorExtension.swift */ = {isa = PBXFileReference; lastKnownFileType = sourcecode.swift; path = DeviceActivityMonitorExtension.swift; sourceTree = "<group>"; };
		99C340872A8E0011009849D0 /* Info.plist */ = {isa = PBXFileReference; lastKnownFileType = text.plist.xml; path = Info.plist; sourceTree = "<group>"; };
		99C340882A8E0011009849D0 /* DeviceActivityMonitor.entitlements */ = {isa = PBXFileReference; lastKnownFileType = text.plist.entitlements; path = DeviceActivityMonitor.entitlements; sourceTree = "<group>"; };
		99C340B72A8E1BA0009849D0 /* Bundle+Extension.swift */ = {isa = PBXFileReference; lastKnownFileType = sourcecode.swift; path = "Bundle+Extension.swift"; sourceTree = "<group>"; };
		99C340BF2A8E86D5009849D0 /* ShieldAction.appex */ = {isa = PBXFileReference; explicitFileType = "wrapper.app-extension"; includeInIndex = 0; path = ShieldAction.appex; sourceTree = BUILT_PRODUCTS_DIR; };
		99C340C22A8E86D5009849D0 /* ShieldActionExtension.swift */ = {isa = PBXFileReference; lastKnownFileType = sourcecode.swift; path = ShieldActionExtension.swift; sourceTree = "<group>"; };
		99C340C42A8E86D5009849D0 /* Info.plist */ = {isa = PBXFileReference; lastKnownFileType = text.plist.xml; path = Info.plist; sourceTree = "<group>"; };
		99C340C52A8E86D5009849D0 /* ShieldAction.entitlements */ = {isa = PBXFileReference; lastKnownFileType = text.plist.entitlements; path = ShieldAction.entitlements; sourceTree = "<group>"; };
		99C340CD2A8F5BED009849D0 /* DatesHelper.swift */ = {isa = PBXFileReference; lastKnownFileType = sourcecode.swift; path = DatesHelper.swift; sourceTree = "<group>"; };
		99F611EC2A8CDE46007719E8 /* TabsView.swift */ = {isa = PBXFileReference; lastKnownFileType = sourcecode.swift; path = TabsView.swift; sourceTree = "<group>"; };
		99F611EE2A8CDE4E007719E8 /* OverviewView.swift */ = {isa = PBXFileReference; lastKnownFileType = sourcecode.swift; path = OverviewView.swift; sourceTree = "<group>"; };
		99F611F12A8CE2B5007719E8 /* EvilEye.entitlements */ = {isa = PBXFileReference; lastKnownFileType = text.plist.entitlements; path = EvilEye.entitlements; sourceTree = "<group>"; };
		99F611F42A8CE393007719E8 /* FamilyControlsVM.swift */ = {isa = PBXFileReference; lastKnownFileType = sourcecode.swift; path = FamilyControlsVM.swift; sourceTree = "<group>"; };
		99F611FC2A8CEEC5007719E8 /* NotApprovedView.swift */ = {isa = PBXFileReference; lastKnownFileType = sourcecode.swift; path = NotApprovedView.swift; sourceTree = "<group>"; };
/* End PBXFileReference section */

/* Begin PBXFrameworksBuildPhase section */
		9945529A2A8CD8AB00F55F58 /* Frameworks */ = {
			isa = PBXFrameworksBuildPhase;
			buildActionMask = 2147483647;
			files = (
				9973F0152A8FD6B0002BC49E /* SharedFramework.framework in Frameworks */,
			);
			runOnlyForDeploymentPostprocessing = 0;
		};
		994552AA2A8CD8AC00F55F58 /* Frameworks */ = {
			isa = PBXFrameworksBuildPhase;
			buildActionMask = 2147483647;
			files = (
			);
			runOnlyForDeploymentPostprocessing = 0;
		};
		994552B42A8CD8AC00F55F58 /* Frameworks */ = {
			isa = PBXFrameworksBuildPhase;
			buildActionMask = 2147483647;
			files = (
			);
			runOnlyForDeploymentPostprocessing = 0;
		};
		9973EFFD2A8FD6AF002BC49E /* Frameworks */ = {
			isa = PBXFrameworksBuildPhase;
			buildActionMask = 2147483647;
			files = (
			);
			runOnlyForDeploymentPostprocessing = 0;
		};
		9973F0062A8FD6B0002BC49E /* Frameworks */ = {
			isa = PBXFrameworksBuildPhase;
			buildActionMask = 2147483647;
			files = (
				9973F00A2A8FD6B0002BC49E /* SharedFramework.framework in Frameworks */,
			);
			runOnlyForDeploymentPostprocessing = 0;
		};
		998FDEF12A8D78790051EDB7 /* Frameworks */ = {
			isa = PBXFrameworksBuildPhase;
			buildActionMask = 2147483647;
			files = (
				998FDEF72A8D78790051EDB7 /* ManagedSettings.framework in Frameworks */,
				998FDEF92A8D78790051EDB7 /* ManagedSettingsUI.framework in Frameworks */,
			);
			runOnlyForDeploymentPostprocessing = 0;
		};
		99C3407F2A8E0011009849D0 /* Frameworks */ = {
			isa = PBXFrameworksBuildPhase;
			buildActionMask = 2147483647;
			files = (
				99C340832A8E0011009849D0 /* DeviceActivity.framework in Frameworks */,
			);
			runOnlyForDeploymentPostprocessing = 0;
		};
		99C340BC2A8E86D5009849D0 /* Frameworks */ = {
			isa = PBXFrameworksBuildPhase;
			buildActionMask = 2147483647;
			files = (
				99C340C02A8E86D5009849D0 /* ManagedSettings.framework in Frameworks */,
			);
			runOnlyForDeploymentPostprocessing = 0;
		};
/* End PBXFrameworksBuildPhase section */

/* Begin PBXGroup section */
		9908F8942AA516A000F02163 /* ProtectedSheet */ = {
			isa = PBXGroup;
			children = (
				990F3F1A2AB37365003D704A /* AppProtectionView.swift */,
			);
			path = ProtectedSheet;
			sourceTree = "<group>";
		};
		990F3F0E2AB2082E003D704A /* ScreenTime */ = {
			isa = PBXGroup;
			children = (
				99F611F02A8CDE5E007719E8 /* Family Controls */,
				99F611F32A8CE358007719E8 /* Device Activiy */,
			);
			path = ScreenTime;
			sourceTree = "<group>";
		};
		990F3F0F2AB20846003D704A /* Shortcuts */ = {
			isa = PBXGroup;
			children = (
				990F3F102AB2087A003D704A /* ProtectFromAppIntent.swift */,
			);
			path = Shortcuts;
			sourceTree = "<group>";
		};
		990F3F152AB212BB003D704A /* ScreenTime Models */ = {
			isa = PBXGroup;
			children = (
				9973EFEE2A8F90F1002BC49E /* AppConfig.swift */,
				9908F8892AA4C94000F02163 /* AppEntity.swift */,
			);
			path = "ScreenTime Models";
			sourceTree = "<group>";
		};
		990F3F1C2AB3AB0D003D704A /* Protected Apps */ = {
			isa = PBXGroup;
			children = (
				990F3F1D2AB3AB26003D704A /* ProtectedAppsListView.swift */,
			);
			path = "Protected Apps";
			sourceTree = "<group>";
		};
		994552942A8CD8AB00F55F58 = {
			isa = PBXGroup;
			children = (
				9945529F2A8CD8AB00F55F58 /* EvilEye */,
				990F3F152AB212BB003D704A /* ScreenTime Models */,
				99C340842A8E0011009849D0 /* DeviceActivityMonitor */,
				998FDEFA2A8D78790051EDB7 /* Shield Configuration */,
				99C340C12A8E86D5009849D0 /* ShieldAction */,
				994552BA2A8CD8AC00F55F58 /* EvilEyeUITests */,
				994552B02A8CD8AC00F55F58 /* EvilEyeTests */,
				998FDEF52A8D78790051EDB7 /* Frameworks */,
				9945529E2A8CD8AB00F55F58 /* Products */,
			);
			sourceTree = "<group>";
		};
		9945529E2A8CD8AB00F55F58 /* Products */ = {
			isa = PBXGroup;
			children = (
				9945529D2A8CD8AB00F55F58 /* EvilEye.app */,
				994552AD2A8CD8AC00F55F58 /* EvilEyeTests.xctest */,
				994552B72A8CD8AC00F55F58 /* EvilEyeUITests.xctest */,
				998FDEF42A8D78790051EDB7 /* Shield Configuration.appex */,
				99C340822A8E0011009849D0 /* DeviceActivityMonitor.appex */,
				99C340BF2A8E86D5009849D0 /* ShieldAction.appex */,
				9973F0002A8FD6B0002BC49E /* SharedFramework.framework */,
				9973F0092A8FD6B0002BC49E /* SharedFrameworkTests.xctest */,
			);
			name = Products;
			sourceTree = "<group>";
		};
		9945529F2A8CD8AB00F55F58 /* EvilEye */ = {
			isa = PBXGroup;
			children = (
				998FDEDD2A8D70F70051EDB7 /* Info.plist */,
				99F611F12A8CE2B5007719E8 /* EvilEye.entitlements */,
				994552A02A8CD8AB00F55F58 /* EvilEyeApp.swift */,
				994552A22A8CD8AB00F55F58 /* ContentView.swift */,
				99F611B22A8CD915007719E8 /* Views */,
				99F611B32A8CD919007719E8 /* ViewModels */,
				99F611B42A8CD91E007719E8 /* Models */,
				990F3F0F2AB20846003D704A /* Shortcuts */,
				99F611B52A8CD923007719E8 /* Utils */,
				994552A42A8CD8AC00F55F58 /* Assets.xcassets */,
				994552A62A8CD8AC00F55F58 /* Preview Content */,
			);
			path = EvilEye;
			sourceTree = "<group>";
		};
		994552A62A8CD8AC00F55F58 /* Preview Content */ = {
			isa = PBXGroup;
			children = (
				994552A72A8CD8AC00F55F58 /* Preview Assets.xcassets */,
			);
			path = "Preview Content";
			sourceTree = "<group>";
		};
		994552B02A8CD8AC00F55F58 /* EvilEyeTests */ = {
			isa = PBXGroup;
			children = (
				994552B12A8CD8AC00F55F58 /* EvilEyeTests.swift */,
			);
			path = EvilEyeTests;
			sourceTree = "<group>";
		};
		994552BA2A8CD8AC00F55F58 /* EvilEyeUITests */ = {
			isa = PBXGroup;
			children = (
				994552BB2A8CD8AC00F55F58 /* EvilEyeUITests.swift */,
				994552BD2A8CD8AC00F55F58 /* EvilEyeUITestsLaunchTests.swift */,
			);
			path = EvilEyeUITests;
			sourceTree = "<group>";
		};
		9973EFF82A8FAE8F002BC49E /* AppGroup */ = {
			isa = PBXGroup;
			children = (
				9973EFF92A8FAE99002BC49E /* AppGroupCell.swift */,
			);
			path = AppGroup;
			sourceTree = "<group>";
		};
		998FDEBC2A8CF1810051EDB7 /* Text */ = {
			isa = PBXGroup;
			children = (
				998FDEC62A8CF25D0051EDB7 /* TextModifier.swift */,
				998FDEC82A8CF2650051EDB7 /* TextHelper.swift */,
				9973EFF22A8F97E8002BC49E /* FocusedTextField.swift */,
			);
			path = Text;
			sourceTree = "<group>";
		};
		998FDEBD2A8CF1860051EDB7 /* Icons */ = {
			isa = PBXGroup;
			children = (
				998FDEBF2A8CF1EB0051EDB7 /* SFSymbol.swift */,
				998FDECE2A8CF4C40051EDB7 /* Logo.swift */,
				997DFB642A94E0A400774552 /* AppIcon.swift */,
				997DFB662A94E1B700774552 /* AppCell.swift */,
				997DFB682A94E97D00774552 /* AddAppCell.swift */,
			);
			path = Icons;
			sourceTree = "<group>";
		};
		998FDEBE2A8CF1C80051EDB7 /* Buttons */ = {
			isa = PBXGroup;
			children = (
				998FDEC12A8CF20B0051EDB7 /* PrimaryButtonLabel.swift */,
				998FDEC32A8CF2160051EDB7 /* ButtonHelper.swift */,
			);
			path = Buttons;
			sourceTree = "<group>";
		};
		998FDECA2A8CF3360051EDB7 /* Navigation */ = {
			isa = PBXGroup;
			children = (
				998FDECB2A8CF3400051EDB7 /* NavigationSceleton.swift */,
			);
			path = Navigation;
			sourceTree = "<group>";
		};
		998FDEF52A8D78790051EDB7 /* Frameworks */ = {
			isa = PBXGroup;
			children = (
				998FDEF62A8D78790051EDB7 /* ManagedSettings.framework */,
				998FDEF82A8D78790051EDB7 /* ManagedSettingsUI.framework */,
				99C340712A8DFF58009849D0 /* DeviceActivity.framework */,
			);
			name = Frameworks;
			sourceTree = "<group>";
		};
		998FDEFA2A8D78790051EDB7 /* Shield Configuration */ = {
			isa = PBXGroup;
			children = (
				998FDEFB2A8D78790051EDB7 /* ShieldConfigurationExtension.swift */,
				998FDEFD2A8D78790051EDB7 /* Info.plist */,
				998FDEFE2A8D78790051EDB7 /* Shield_Configuration.entitlements */,
			);
			path = "Shield Configuration";
			sourceTree = "<group>";
		};
		99C340842A8E0011009849D0 /* DeviceActivityMonitor */ = {
			isa = PBXGroup;
			children = (
				99C340852A8E0011009849D0 /* DeviceActivityMonitorExtension.swift */,
				99C340872A8E0011009849D0 /* Info.plist */,
				99C340882A8E0011009849D0 /* DeviceActivityMonitor.entitlements */,
			);
			path = DeviceActivityMonitor;
			sourceTree = "<group>";
		};
		99C340B62A8E1B8C009849D0 /* Extensions */ = {
			isa = PBXGroup;
			children = (
				99C340B72A8E1BA0009849D0 /* Bundle+Extension.swift */,
			);
			path = Extensions;
			sourceTree = "<group>";
		};
		99C340C12A8E86D5009849D0 /* ShieldAction */ = {
			isa = PBXGroup;
			children = (
				99C340C22A8E86D5009849D0 /* ShieldActionExtension.swift */,
				99C340C42A8E86D5009849D0 /* Info.plist */,
				99C340C52A8E86D5009849D0 /* ShieldAction.entitlements */,
			);
			path = ShieldAction;
			sourceTree = "<group>";
		};
		99C340CC2A8F5BE4009849D0 /* Dates */ = {
			isa = PBXGroup;
			children = (
				99C340CD2A8F5BED009849D0 /* DatesHelper.swift */,
			);
			path = Dates;
			sourceTree = "<group>";
		};
		99DCC91C2AEA387A00C64211 /* Shortcuts */ = {
			isa = PBXGroup;
			children = (
				990F3F1C2AB3AB0D003D704A /* Protected Apps */,
				9908F8942AA516A000F02163 /* ProtectedSheet */,
			);
			path = Shortcuts;
			sourceTree = "<group>";
		};
		99DCC91D2AEA388000C64211 /* ScreenTime */ = {
			isa = PBXGroup;
			children = (
				99F611EE2A8CDE4E007719E8 /* OverviewView.swift */,
				998FDED42A8D3BF10051EDB7 /* AppsConfigView.swift */,
			);
			path = ScreenTime;
			sourceTree = "<group>";
		};
		99F611B22A8CD915007719E8 /* Views */ = {
			isa = PBXGroup;
			children = (
				99F611EA2A8CDE21007719E8 /* Authentication */,
				99F611E92A8CDE19007719E8 /* TabsView */,
				99DCC91D2AEA388000C64211 /* ScreenTime */,
				99DCC91C2AEA387A00C64211 /* Shortcuts */,
			);
			path = Views;
			sourceTree = "<group>";
		};
		99F611B32A8CD919007719E8 /* ViewModels */ = {
			isa = PBXGroup;
			children = (
				99F611F62A8CE89B007719E8 /* Shortcuts */,
				990F3F0E2AB2082E003D704A /* ScreenTime */,
			);
			path = ViewModels;
			sourceTree = "<group>";
		};
		99F611B42A8CD91E007719E8 /* Models */ = {
			isa = PBXGroup;
			children = (
				990F3F172AB212D5003D704A /* ProtectedApp.swift */,
				990F3F132AB2096E003D704A /* AppToProtect.swift */,
			);
			path = Models;
			sourceTree = "<group>";
		};
		99F611B52A8CD923007719E8 /* Utils */ = {
			isa = PBXGroup;
			children = (
				99C340B62A8E1B8C009849D0 /* Extensions */,
				99F611B62A8CD928007719E8 /* Components */,
				998FDED02A8CFED10051EDB7 /* Constants.swift */,
			);
			path = Utils;
			sourceTree = "<group>";
		};
		99F611B62A8CD928007719E8 /* Components */ = {
			isa = PBXGroup;
			children = (
				9973EFF82A8FAE8F002BC49E /* AppGroup */,
				99C340CC2A8F5BE4009849D0 /* Dates */,
				998FDECA2A8CF3360051EDB7 /* Navigation */,
				998FDEBE2A8CF1C80051EDB7 /* Buttons */,
				998FDEBD2A8CF1860051EDB7 /* Icons */,
				998FDEBC2A8CF1810051EDB7 /* Text */,
			);
			path = Components;
			sourceTree = "<group>";
		};
		99F611E92A8CDE19007719E8 /* TabsView */ = {
			isa = PBXGroup;
			children = (
				99F611EC2A8CDE46007719E8 /* TabsView.swift */,
			);
			path = TabsView;
			sourceTree = "<group>";
		};
		99F611EA2A8CDE21007719E8 /* Authentication */ = {
			isa = PBXGroup;
			children = (
				99F611FC2A8CEEC5007719E8 /* NotApprovedView.swift */,
			);
			path = Authentication;
			sourceTree = "<group>";
		};
		99F611F02A8CDE5E007719E8 /* Family Controls */ = {
			isa = PBXGroup;
			children = (
				99F611F42A8CE393007719E8 /* FamilyControlsVM.swift */,
				9973EFF02A8F94E3002BC49E /* AppConfigVM.swift */,
			);
			path = "Family Controls";
			sourceTree = "<group>";
		};
		99F611F32A8CE358007719E8 /* Device Activiy */ = {
			isa = PBXGroup;
			children = (
				998FDED82A8D5ADE0051EDB7 /* DeviceActivityScheduleVM.swift */,
				997DFB6A2A95096800774552 /* DeviceActivityService.swift */,
			);
			path = "Device Activiy";
			sourceTree = "<group>";
		};
		99F611F62A8CE89B007719E8 /* Shortcuts */ = {
			isa = PBXGroup;
			children = (
				9908F8902AA4D33C00F02163 /* ProtectionVM.swift */,
			);
			path = Shortcuts;
			sourceTree = "<group>";
		};
/* End PBXGroup section */

/* Begin PBXHeadersBuildPhase section */
		9973EFFB2A8FD6AF002BC49E /* Headers */ = {
			isa = PBXHeadersBuildPhase;
			buildActionMask = 2147483647;
			files = (
			);
			runOnlyForDeploymentPostprocessing = 0;
		};
/* End PBXHeadersBuildPhase section */

/* Begin PBXNativeTarget section */
		9945529C2A8CD8AB00F55F58 /* EvilEye */ = {
			isa = PBXNativeTarget;
			buildConfigurationList = 994552C12A8CD8AC00F55F58 /* Build configuration list for PBXNativeTarget "EvilEye" */;
			buildPhases = (
				994552992A8CD8AB00F55F58 /* Sources */,
				9945529A2A8CD8AB00F55F58 /* Frameworks */,
				9945529B2A8CD8AB00F55F58 /* Resources */,
				998FDF052A8D78790051EDB7 /* Embed Foundation Extensions */,
				99C340A32A8E002F009849D0 /* Embed ExtensionKit Extensions */,
				9973F01A2A8FD6B0002BC49E /* Embed Frameworks */,
			);
			buildRules = (
			);
			dependencies = (
				998FDF002A8D78790051EDB7 /* PBXTargetDependency */,
				99C3408A2A8E0011009849D0 /* PBXTargetDependency */,
				99C340C72A8E86D5009849D0 /* PBXTargetDependency */,
				9973F0142A8FD6B0002BC49E /* PBXTargetDependency */,
			);
			name = EvilEye;
			packageProductDependencies = (
			);
			productName = EvilEye;
			productReference = 9945529D2A8CD8AB00F55F58 /* EvilEye.app */;
			productType = "com.apple.product-type.application";
		};
		994552AC2A8CD8AC00F55F58 /* EvilEyeTests */ = {
			isa = PBXNativeTarget;
			buildConfigurationList = 994552C42A8CD8AC00F55F58 /* Build configuration list for PBXNativeTarget "EvilEyeTests" */;
			buildPhases = (
				994552A92A8CD8AC00F55F58 /* Sources */,
				994552AA2A8CD8AC00F55F58 /* Frameworks */,
				994552AB2A8CD8AC00F55F58 /* Resources */,
			);
			buildRules = (
			);
			dependencies = (
				994552AF2A8CD8AC00F55F58 /* PBXTargetDependency */,
			);
			name = EvilEyeTests;
			productName = EvilEyeTests;
			productReference = 994552AD2A8CD8AC00F55F58 /* EvilEyeTests.xctest */;
			productType = "com.apple.product-type.bundle.unit-test";
		};
		994552B62A8CD8AC00F55F58 /* EvilEyeUITests */ = {
			isa = PBXNativeTarget;
			buildConfigurationList = 994552C72A8CD8AC00F55F58 /* Build configuration list for PBXNativeTarget "EvilEyeUITests" */;
			buildPhases = (
				994552B32A8CD8AC00F55F58 /* Sources */,
				994552B42A8CD8AC00F55F58 /* Frameworks */,
				994552B52A8CD8AC00F55F58 /* Resources */,
			);
			buildRules = (
			);
			dependencies = (
				994552B92A8CD8AC00F55F58 /* PBXTargetDependency */,
			);
			name = EvilEyeUITests;
			productName = EvilEyeUITests;
			productReference = 994552B72A8CD8AC00F55F58 /* EvilEyeUITests.xctest */;
			productType = "com.apple.product-type.bundle.ui-testing";
		};
		9973EFFF2A8FD6AF002BC49E /* SharedFramework */ = {
			isa = PBXNativeTarget;
			buildConfigurationList = 9973F0172A8FD6B0002BC49E /* Build configuration list for PBXNativeTarget "SharedFramework" */;
			buildPhases = (
				9973EFFB2A8FD6AF002BC49E /* Headers */,
				9973EFFC2A8FD6AF002BC49E /* Sources */,
				9973EFFD2A8FD6AF002BC49E /* Frameworks */,
				9973EFFE2A8FD6AF002BC49E /* Resources */,
			);
			buildRules = (
			);
			dependencies = (
			);
			name = SharedFramework;
			productName = SharedFramework;
			productReference = 9973F0002A8FD6B0002BC49E /* SharedFramework.framework */;
			productType = "com.apple.product-type.framework";
		};
		9973F0082A8FD6B0002BC49E /* SharedFrameworkTests */ = {
			isa = PBXNativeTarget;
			buildConfigurationList = 9973F01B2A8FD6B0002BC49E /* Build configuration list for PBXNativeTarget "SharedFrameworkTests" */;
			buildPhases = (
				9973F0052A8FD6B0002BC49E /* Sources */,
				9973F0062A8FD6B0002BC49E /* Frameworks */,
				9973F0072A8FD6B0002BC49E /* Resources */,
			);
			buildRules = (
			);
			dependencies = (
				9973F00C2A8FD6B0002BC49E /* PBXTargetDependency */,
				9973F00E2A8FD6B0002BC49E /* PBXTargetDependency */,
			);
			name = SharedFrameworkTests;
			productName = SharedFrameworkTests;
			productReference = 9973F0092A8FD6B0002BC49E /* SharedFrameworkTests.xctest */;
			productType = "com.apple.product-type.bundle.unit-test";
		};
		998FDEF32A8D78790051EDB7 /* Shield Configuration */ = {
			isa = PBXNativeTarget;
			buildConfigurationList = 998FDF022A8D78790051EDB7 /* Build configuration list for PBXNativeTarget "Shield Configuration" */;
			buildPhases = (
				998FDEF02A8D78790051EDB7 /* Sources */,
				998FDEF12A8D78790051EDB7 /* Frameworks */,
				998FDEF22A8D78790051EDB7 /* Resources */,
			);
			buildRules = (
			);
			dependencies = (
			);
			name = "Shield Configuration";
			productName = "Shield Configuration";
			productReference = 998FDEF42A8D78790051EDB7 /* Shield Configuration.appex */;
			productType = "com.apple.product-type.app-extension";
		};
		99C340812A8E0011009849D0 /* DeviceActivityMonitor */ = {
			isa = PBXNativeTarget;
			buildConfigurationList = 99C3408C2A8E0011009849D0 /* Build configuration list for PBXNativeTarget "DeviceActivityMonitor" */;
			buildPhases = (
				99C3407E2A8E0011009849D0 /* Sources */,
				99C3407F2A8E0011009849D0 /* Frameworks */,
				99C340802A8E0011009849D0 /* Resources */,
			);
			buildRules = (
			);
			dependencies = (
			);
			name = DeviceActivityMonitor;
			productName = DeviceActivityMonitor;
			productReference = 99C340822A8E0011009849D0 /* DeviceActivityMonitor.appex */;
			productType = "com.apple.product-type.app-extension";
		};
		99C340BE2A8E86D5009849D0 /* ShieldAction */ = {
			isa = PBXNativeTarget;
			buildConfigurationList = 99C340C92A8E86D5009849D0 /* Build configuration list for PBXNativeTarget "ShieldAction" */;
			buildPhases = (
				99C340BB2A8E86D5009849D0 /* Sources */,
				99C340BC2A8E86D5009849D0 /* Frameworks */,
				99C340BD2A8E86D5009849D0 /* Resources */,
			);
			buildRules = (
			);
			dependencies = (
			);
			name = ShieldAction;
			productName = ShieldAction;
			productReference = 99C340BF2A8E86D5009849D0 /* ShieldAction.appex */;
			productType = "com.apple.product-type.app-extension";
		};
/* End PBXNativeTarget section */

/* Begin PBXProject section */
		994552952A8CD8AB00F55F58 /* Project object */ = {
			isa = PBXProject;
			attributes = {
				BuildIndependentTargetsInParallel = 1;
				LastSwiftUpdateCheck = 1430;
				LastUpgradeCheck = 1430;
				TargetAttributes = {
					9945529C2A8CD8AB00F55F58 = {
						CreatedOnToolsVersion = 14.3;
					};
					994552AC2A8CD8AC00F55F58 = {
						CreatedOnToolsVersion = 14.3;
						TestTargetID = 9945529C2A8CD8AB00F55F58;
					};
					994552B62A8CD8AC00F55F58 = {
						CreatedOnToolsVersion = 14.3;
						TestTargetID = 9945529C2A8CD8AB00F55F58;
					};
					9973EFFF2A8FD6AF002BC49E = {
						CreatedOnToolsVersion = 14.3;
					};
					9973F0082A8FD6B0002BC49E = {
						CreatedOnToolsVersion = 14.3;
						TestTargetID = 9945529C2A8CD8AB00F55F58;
					};
					998FDEF32A8D78790051EDB7 = {
						CreatedOnToolsVersion = 14.3;
					};
					99C340812A8E0011009849D0 = {
						CreatedOnToolsVersion = 14.3;
					};
					99C340BE2A8E86D5009849D0 = {
						CreatedOnToolsVersion = 14.3;
					};
				};
			};
			buildConfigurationList = 994552982A8CD8AB00F55F58 /* Build configuration list for PBXProject "EvilEye" */;
			compatibilityVersion = "Xcode 14.0";
			developmentRegion = en;
			hasScannedForEncodings = 0;
			knownRegions = (
				en,
				Base,
			);
			mainGroup = 994552942A8CD8AB00F55F58;
			packageReferences = (
			);
			productRefGroup = 9945529E2A8CD8AB00F55F58 /* Products */;
			projectDirPath = "";
			projectRoot = "";
			targets = (
				9945529C2A8CD8AB00F55F58 /* EvilEye */,
				994552AC2A8CD8AC00F55F58 /* EvilEyeTests */,
				994552B62A8CD8AC00F55F58 /* EvilEyeUITests */,
				998FDEF32A8D78790051EDB7 /* Shield Configuration */,
				99C340812A8E0011009849D0 /* DeviceActivityMonitor */,
				99C340BE2A8E86D5009849D0 /* ShieldAction */,
				9973EFFF2A8FD6AF002BC49E /* SharedFramework */,
				9973F0082A8FD6B0002BC49E /* SharedFrameworkTests */,
			);
		};
/* End PBXProject section */

/* Begin PBXResourcesBuildPhase section */
		9945529B2A8CD8AB00F55F58 /* Resources */ = {
			isa = PBXResourcesBuildPhase;
			buildActionMask = 2147483647;
			files = (
				994552A82A8CD8AC00F55F58 /* Preview Assets.xcassets in Resources */,
				994552A52A8CD8AC00F55F58 /* Assets.xcassets in Resources */,
			);
			runOnlyForDeploymentPostprocessing = 0;
		};
		994552AB2A8CD8AC00F55F58 /* Resources */ = {
			isa = PBXResourcesBuildPhase;
			buildActionMask = 2147483647;
			files = (
			);
			runOnlyForDeploymentPostprocessing = 0;
		};
		994552B52A8CD8AC00F55F58 /* Resources */ = {
			isa = PBXResourcesBuildPhase;
			buildActionMask = 2147483647;
			files = (
			);
			runOnlyForDeploymentPostprocessing = 0;
		};
		9973EFFE2A8FD6AF002BC49E /* Resources */ = {
			isa = PBXResourcesBuildPhase;
			buildActionMask = 2147483647;
			files = (
			);
			runOnlyForDeploymentPostprocessing = 0;
		};
		9973F0072A8FD6B0002BC49E /* Resources */ = {
			isa = PBXResourcesBuildPhase;
			buildActionMask = 2147483647;
			files = (
			);
			runOnlyForDeploymentPostprocessing = 0;
		};
		998FDEF22A8D78790051EDB7 /* Resources */ = {
			isa = PBXResourcesBuildPhase;
			buildActionMask = 2147483647;
			files = (
			);
			runOnlyForDeploymentPostprocessing = 0;
		};
		99C340802A8E0011009849D0 /* Resources */ = {
			isa = PBXResourcesBuildPhase;
			buildActionMask = 2147483647;
			files = (
			);
			runOnlyForDeploymentPostprocessing = 0;
		};
		99C340BD2A8E86D5009849D0 /* Resources */ = {
			isa = PBXResourcesBuildPhase;
			buildActionMask = 2147483647;
			files = (
			);
			runOnlyForDeploymentPostprocessing = 0;
		};
/* End PBXResourcesBuildPhase section */

/* Begin PBXSourcesBuildPhase section */
		994552992A8CD8AB00F55F58 /* Sources */ = {
			isa = PBXSourcesBuildPhase;
			buildActionMask = 2147483647;
			files = (
				9908F88A2AA4C94000F02163 /* AppEntity.swift in Sources */,
				998FDECC2A8CF3400051EDB7 /* NavigationSceleton.swift in Sources */,
				99C340B82A8E1BA0009849D0 /* Bundle+Extension.swift in Sources */,
				998FDECF2A8CF4C40051EDB7 /* Logo.swift in Sources */,
				998FDEC92A8CF2650051EDB7 /* TextHelper.swift in Sources */,
				990F3F112AB2087A003D704A /* ProtectFromAppIntent.swift in Sources */,
				998FDEC42A8CF2160051EDB7 /* ButtonHelper.swift in Sources */,
				99F611F52A8CE393007719E8 /* FamilyControlsVM.swift in Sources */,
				998FDED52A8D3BF10051EDB7 /* AppsConfigView.swift in Sources */,
				99F611ED2A8CDE46007719E8 /* TabsView.swift in Sources */,
				998FDED12A8CFED10051EDB7 /* Constants.swift in Sources */,
				994552A32A8CD8AB00F55F58 /* ContentView.swift in Sources */,
				9908F8912AA4D33C00F02163 /* ProtectionVM.swift in Sources */,
				998FDEC72A8CF25D0051EDB7 /* TextModifier.swift in Sources */,
				994552A12A8CD8AB00F55F58 /* EvilEyeApp.swift in Sources */,
				99F611FD2A8CEEC5007719E8 /* NotApprovedView.swift in Sources */,
				998FDEC22A8CF20B0051EDB7 /* PrimaryButtonLabel.swift in Sources */,
				997DFB652A94E0A400774552 /* AppIcon.swift in Sources */,
				997DFB692A94E97D00774552 /* AddAppCell.swift in Sources */,
				99C340CE2A8F5BED009849D0 /* DatesHelper.swift in Sources */,
				9973EFF32A8F97E8002BC49E /* FocusedTextField.swift in Sources */,
				997DFB6B2A95096800774552 /* DeviceActivityService.swift in Sources */,
				990F3F1E2AB3AB26003D704A /* ProtectedAppsListView.swift in Sources */,
				990F3F1B2AB37365003D704A /* AppProtectionView.swift in Sources */,
				990F3F142AB2096E003D704A /* AppToProtect.swift in Sources */,
				99F611EF2A8CDE4E007719E8 /* OverviewView.swift in Sources */,
				990F3F182AB212D5003D704A /* ProtectedApp.swift in Sources */,
				9973EFFA2A8FAE99002BC49E /* AppGroupCell.swift in Sources */,
				998FDED92A8D5ADE0051EDB7 /* DeviceActivityScheduleVM.swift in Sources */,
				9973EFF12A8F94E3002BC49E /* AppConfigVM.swift in Sources */,
				998FDEC02A8CF1EB0051EDB7 /* SFSymbol.swift in Sources */,
				997DFB672A94E1B700774552 /* AppCell.swift in Sources */,
				9973EFEF2A8F90F1002BC49E /* AppConfig.swift in Sources */,
			);
			runOnlyForDeploymentPostprocessing = 0;
		};
		994552A92A8CD8AC00F55F58 /* Sources */ = {
			isa = PBXSourcesBuildPhase;
			buildActionMask = 2147483647;
			files = (
				994552B22A8CD8AC00F55F58 /* EvilEyeTests.swift in Sources */,
			);
			runOnlyForDeploymentPostprocessing = 0;
		};
		994552B32A8CD8AC00F55F58 /* Sources */ = {
			isa = PBXSourcesBuildPhase;
			buildActionMask = 2147483647;
			files = (
				994552BE2A8CD8AC00F55F58 /* EvilEyeUITestsLaunchTests.swift in Sources */,
				994552BC2A8CD8AC00F55F58 /* EvilEyeUITests.swift in Sources */,
			);
			runOnlyForDeploymentPostprocessing = 0;
		};
		9973EFFC2A8FD6AF002BC49E /* Sources */ = {
			isa = PBXSourcesBuildPhase;
			buildActionMask = 2147483647;
			files = (
			);
			runOnlyForDeploymentPostprocessing = 0;
		};
		9973F0052A8FD6B0002BC49E /* Sources */ = {
			isa = PBXSourcesBuildPhase;
			buildActionMask = 2147483647;
			files = (
			);
			runOnlyForDeploymentPostprocessing = 0;
		};
		998FDEF02A8D78790051EDB7 /* Sources */ = {
			isa = PBXSourcesBuildPhase;
			buildActionMask = 2147483647;
			files = (
				998FDEFC2A8D78790051EDB7 /* ShieldConfigurationExtension.swift in Sources */,
			);
			runOnlyForDeploymentPostprocessing = 0;
		};
		99C3407E2A8E0011009849D0 /* Sources */ = {
			isa = PBXSourcesBuildPhase;
			buildActionMask = 2147483647;
			files = (
				99C340862A8E0011009849D0 /* DeviceActivityMonitorExtension.swift in Sources */,
			);
			runOnlyForDeploymentPostprocessing = 0;
		};
		99C340BB2A8E86D5009849D0 /* Sources */ = {
			isa = PBXSourcesBuildPhase;
			buildActionMask = 2147483647;
			files = (
				99C340C32A8E86D5009849D0 /* ShieldActionExtension.swift in Sources */,
			);
			runOnlyForDeploymentPostprocessing = 0;
		};
/* End PBXSourcesBuildPhase section */

/* Begin PBXTargetDependency section */
		994552AF2A8CD8AC00F55F58 /* PBXTargetDependency */ = {
			isa = PBXTargetDependency;
			target = 9945529C2A8CD8AB00F55F58 /* EvilEye */;
			targetProxy = 994552AE2A8CD8AC00F55F58 /* PBXContainerItemProxy */;
		};
		994552B92A8CD8AC00F55F58 /* PBXTargetDependency */ = {
			isa = PBXTargetDependency;
			target = 9945529C2A8CD8AB00F55F58 /* EvilEye */;
			targetProxy = 994552B82A8CD8AC00F55F58 /* PBXContainerItemProxy */;
		};
		9973F00C2A8FD6B0002BC49E /* PBXTargetDependency */ = {
			isa = PBXTargetDependency;
			target = 9973EFFF2A8FD6AF002BC49E /* SharedFramework */;
			targetProxy = 9973F00B2A8FD6B0002BC49E /* PBXContainerItemProxy */;
		};
		9973F00E2A8FD6B0002BC49E /* PBXTargetDependency */ = {
			isa = PBXTargetDependency;
			target = 9945529C2A8CD8AB00F55F58 /* EvilEye */;
			targetProxy = 9973F00D2A8FD6B0002BC49E /* PBXContainerItemProxy */;
		};
		9973F0142A8FD6B0002BC49E /* PBXTargetDependency */ = {
			isa = PBXTargetDependency;
			target = 9973EFFF2A8FD6AF002BC49E /* SharedFramework */;
			targetProxy = 9973F0132A8FD6B0002BC49E /* PBXContainerItemProxy */;
		};
		998FDF002A8D78790051EDB7 /* PBXTargetDependency */ = {
			isa = PBXTargetDependency;
			target = 998FDEF32A8D78790051EDB7 /* Shield Configuration */;
			targetProxy = 998FDEFF2A8D78790051EDB7 /* PBXContainerItemProxy */;
		};
		99C3408A2A8E0011009849D0 /* PBXTargetDependency */ = {
			isa = PBXTargetDependency;
			target = 99C340812A8E0011009849D0 /* DeviceActivityMonitor */;
			targetProxy = 99C340892A8E0011009849D0 /* PBXContainerItemProxy */;
		};
		99C340C72A8E86D5009849D0 /* PBXTargetDependency */ = {
			isa = PBXTargetDependency;
			target = 99C340BE2A8E86D5009849D0 /* ShieldAction */;
			targetProxy = 99C340C62A8E86D5009849D0 /* PBXContainerItemProxy */;
		};
/* End PBXTargetDependency section */

/* Begin XCBuildConfiguration section */
		994552BF2A8CD8AC00F55F58 /* Debug */ = {
			isa = XCBuildConfiguration;
			buildSettings = {
				ALWAYS_SEARCH_USER_PATHS = NO;
				CLANG_ANALYZER_NONNULL = YES;
				CLANG_ANALYZER_NUMBER_OBJECT_CONVERSION = YES_AGGRESSIVE;
				CLANG_CXX_LANGUAGE_STANDARD = "gnu++20";
				CLANG_ENABLE_MODULES = YES;
				CLANG_ENABLE_OBJC_ARC = YES;
				CLANG_ENABLE_OBJC_WEAK = YES;
				CLANG_WARN_BLOCK_CAPTURE_AUTORELEASING = YES;
				CLANG_WARN_BOOL_CONVERSION = YES;
				CLANG_WARN_COMMA = YES;
				CLANG_WARN_CONSTANT_CONVERSION = YES;
				CLANG_WARN_DEPRECATED_OBJC_IMPLEMENTATIONS = YES;
				CLANG_WARN_DIRECT_OBJC_ISA_USAGE = YES_ERROR;
				CLANG_WARN_DOCUMENTATION_COMMENTS = YES;
				CLANG_WARN_EMPTY_BODY = YES;
				CLANG_WARN_ENUM_CONVERSION = YES;
				CLANG_WARN_INFINITE_RECURSION = YES;
				CLANG_WARN_INT_CONVERSION = YES;
				CLANG_WARN_NON_LITERAL_NULL_CONVERSION = YES;
				CLANG_WARN_OBJC_IMPLICIT_RETAIN_SELF = YES;
				CLANG_WARN_OBJC_LITERAL_CONVERSION = YES;
				CLANG_WARN_OBJC_ROOT_CLASS = YES_ERROR;
				CLANG_WARN_QUOTED_INCLUDE_IN_FRAMEWORK_HEADER = YES;
				CLANG_WARN_RANGE_LOOP_ANALYSIS = YES;
				CLANG_WARN_STRICT_PROTOTYPES = YES;
				CLANG_WARN_SUSPICIOUS_MOVE = YES;
				CLANG_WARN_UNGUARDED_AVAILABILITY = YES_AGGRESSIVE;
				CLANG_WARN_UNREACHABLE_CODE = YES;
				CLANG_WARN__DUPLICATE_METHOD_MATCH = YES;
				COPY_PHASE_STRIP = NO;
				DEBUG_INFORMATION_FORMAT = dwarf;
				ENABLE_STRICT_OBJC_MSGSEND = YES;
				ENABLE_TESTABILITY = YES;
				GCC_C_LANGUAGE_STANDARD = gnu11;
				GCC_DYNAMIC_NO_PIC = NO;
				GCC_NO_COMMON_BLOCKS = YES;
				GCC_OPTIMIZATION_LEVEL = 0;
				GCC_PREPROCESSOR_DEFINITIONS = (
					"DEBUG=1",
					"$(inherited)",
				);
				GCC_WARN_64_TO_32_BIT_CONVERSION = YES;
				GCC_WARN_ABOUT_RETURN_TYPE = YES_ERROR;
				GCC_WARN_UNDECLARED_SELECTOR = YES;
				GCC_WARN_UNINITIALIZED_AUTOS = YES_AGGRESSIVE;
				GCC_WARN_UNUSED_FUNCTION = YES;
				GCC_WARN_UNUSED_VARIABLE = YES;
				IPHONEOS_DEPLOYMENT_TARGET = 16.4;
				MTL_ENABLE_DEBUG_INFO = INCLUDE_SOURCE;
				MTL_FAST_MATH = YES;
				ONLY_ACTIVE_ARCH = YES;
				SDKROOT = iphoneos;
				SWIFT_ACTIVE_COMPILATION_CONDITIONS = DEBUG;
				SWIFT_OPTIMIZATION_LEVEL = "-Onone";
			};
			name = Debug;
		};
		994552C02A8CD8AC00F55F58 /* Release */ = {
			isa = XCBuildConfiguration;
			buildSettings = {
				ALWAYS_SEARCH_USER_PATHS = NO;
				CLANG_ANALYZER_NONNULL = YES;
				CLANG_ANALYZER_NUMBER_OBJECT_CONVERSION = YES_AGGRESSIVE;
				CLANG_CXX_LANGUAGE_STANDARD = "gnu++20";
				CLANG_ENABLE_MODULES = YES;
				CLANG_ENABLE_OBJC_ARC = YES;
				CLANG_ENABLE_OBJC_WEAK = YES;
				CLANG_WARN_BLOCK_CAPTURE_AUTORELEASING = YES;
				CLANG_WARN_BOOL_CONVERSION = YES;
				CLANG_WARN_COMMA = YES;
				CLANG_WARN_CONSTANT_CONVERSION = YES;
				CLANG_WARN_DEPRECATED_OBJC_IMPLEMENTATIONS = YES;
				CLANG_WARN_DIRECT_OBJC_ISA_USAGE = YES_ERROR;
				CLANG_WARN_DOCUMENTATION_COMMENTS = YES;
				CLANG_WARN_EMPTY_BODY = YES;
				CLANG_WARN_ENUM_CONVERSION = YES;
				CLANG_WARN_INFINITE_RECURSION = YES;
				CLANG_WARN_INT_CONVERSION = YES;
				CLANG_WARN_NON_LITERAL_NULL_CONVERSION = YES;
				CLANG_WARN_OBJC_IMPLICIT_RETAIN_SELF = YES;
				CLANG_WARN_OBJC_LITERAL_CONVERSION = YES;
				CLANG_WARN_OBJC_ROOT_CLASS = YES_ERROR;
				CLANG_WARN_QUOTED_INCLUDE_IN_FRAMEWORK_HEADER = YES;
				CLANG_WARN_RANGE_LOOP_ANALYSIS = YES;
				CLANG_WARN_STRICT_PROTOTYPES = YES;
				CLANG_WARN_SUSPICIOUS_MOVE = YES;
				CLANG_WARN_UNGUARDED_AVAILABILITY = YES_AGGRESSIVE;
				CLANG_WARN_UNREACHABLE_CODE = YES;
				CLANG_WARN__DUPLICATE_METHOD_MATCH = YES;
				COPY_PHASE_STRIP = NO;
				DEBUG_INFORMATION_FORMAT = "dwarf-with-dsym";
				ENABLE_NS_ASSERTIONS = NO;
				ENABLE_STRICT_OBJC_MSGSEND = YES;
				GCC_C_LANGUAGE_STANDARD = gnu11;
				GCC_NO_COMMON_BLOCKS = YES;
				GCC_WARN_64_TO_32_BIT_CONVERSION = YES;
				GCC_WARN_ABOUT_RETURN_TYPE = YES_ERROR;
				GCC_WARN_UNDECLARED_SELECTOR = YES;
				GCC_WARN_UNINITIALIZED_AUTOS = YES_AGGRESSIVE;
				GCC_WARN_UNUSED_FUNCTION = YES;
				GCC_WARN_UNUSED_VARIABLE = YES;
				IPHONEOS_DEPLOYMENT_TARGET = 16.4;
				MTL_ENABLE_DEBUG_INFO = NO;
				MTL_FAST_MATH = YES;
				SDKROOT = iphoneos;
				SWIFT_COMPILATION_MODE = wholemodule;
				SWIFT_OPTIMIZATION_LEVEL = "-O";
				VALIDATE_PRODUCT = YES;
			};
			name = Release;
		};
		994552C22A8CD8AC00F55F58 /* Debug */ = {
			isa = XCBuildConfiguration;
			buildSettings = {
				ALWAYS_EMBED_SWIFT_STANDARD_LIBRARIES = YES;
				ASSETCATALOG_COMPILER_APPICON_NAME = AppIcon;
				ASSETCATALOG_COMPILER_GLOBAL_ACCENT_COLOR_NAME = AccentColor;
				CODE_SIGN_ENTITLEMENTS = EvilEye/EvilEye.entitlements;
				CODE_SIGN_STYLE = Automatic;
				CURRENT_PROJECT_VERSION = 1;
				DEVELOPMENT_ASSET_PATHS = "\"EvilEye/Preview Content\"";
				DEVELOPMENT_TEAM = V5L975YGRL;
				ENABLE_PREVIEWS = YES;
				GENERATE_INFOPLIST_FILE = YES;
				INFOPLIST_FILE = EvilEye/Info.plist;
				INFOPLIST_KEY_CFBundleDisplayName = "Evil Eye";
				INFOPLIST_KEY_LSApplicationCategoryType = "public.app-category.productivity";
				INFOPLIST_KEY_UIApplicationSceneManifest_Generation = YES;
				INFOPLIST_KEY_UIApplicationSupportsIndirectInputEvents = YES;
				INFOPLIST_KEY_UILaunchScreen_Generation = YES;
				INFOPLIST_KEY_UISupportedInterfaceOrientations = UIInterfaceOrientationPortrait;
				INFOPLIST_KEY_UISupportedInterfaceOrientations_iPad = "UIInterfaceOrientationPortrait UIInterfaceOrientationPortraitUpsideDown";
				IPHONEOS_DEPLOYMENT_TARGET = 16.0;
				LD_RUNPATH_SEARCH_PATHS = (
					"$(inherited)",
					"@executable_path/Frameworks",
				);
				MARKETING_VERSION = 1.0;
				PRODUCT_BUNDLE_IDENTIFIER = "com.EvilEye.EvilEye-IOS";
				PRODUCT_NAME = "$(TARGET_NAME)";
				SUPPORTED_PLATFORMS = "iphoneos iphonesimulator";
				SUPPORTS_MACCATALYST = NO;
				SUPPORTS_MAC_DESIGNED_FOR_IPHONE_IPAD = YES;
				SWIFT_EMIT_LOC_STRINGS = YES;
				SWIFT_VERSION = 5.0;
				TARGETED_DEVICE_FAMILY = 1;
			};
			name = Debug;
		};
		994552C32A8CD8AC00F55F58 /* Release */ = {
			isa = XCBuildConfiguration;
			buildSettings = {
				ALWAYS_EMBED_SWIFT_STANDARD_LIBRARIES = YES;
				ASSETCATALOG_COMPILER_APPICON_NAME = AppIcon;
				ASSETCATALOG_COMPILER_GLOBAL_ACCENT_COLOR_NAME = AccentColor;
				CODE_SIGN_ENTITLEMENTS = EvilEye/EvilEye.entitlements;
				CODE_SIGN_STYLE = Automatic;
				CURRENT_PROJECT_VERSION = 1;
				DEVELOPMENT_ASSET_PATHS = "\"EvilEye/Preview Content\"";
				DEVELOPMENT_TEAM = V5L975YGRL;
				ENABLE_PREVIEWS = YES;
				GENERATE_INFOPLIST_FILE = YES;
				INFOPLIST_FILE = EvilEye/Info.plist;
				INFOPLIST_KEY_CFBundleDisplayName = "Evil Eye";
				INFOPLIST_KEY_LSApplicationCategoryType = "public.app-category.productivity";
				INFOPLIST_KEY_UIApplicationSceneManifest_Generation = YES;
				INFOPLIST_KEY_UIApplicationSupportsIndirectInputEvents = YES;
				INFOPLIST_KEY_UILaunchScreen_Generation = YES;
				INFOPLIST_KEY_UISupportedInterfaceOrientations = UIInterfaceOrientationPortrait;
				INFOPLIST_KEY_UISupportedInterfaceOrientations_iPad = "UIInterfaceOrientationPortrait UIInterfaceOrientationPortraitUpsideDown";
				IPHONEOS_DEPLOYMENT_TARGET = 16.0;
				LD_RUNPATH_SEARCH_PATHS = (
					"$(inherited)",
					"@executable_path/Frameworks",
				);
				MARKETING_VERSION = 1.0;
				PRODUCT_BUNDLE_IDENTIFIER = "com.EvilEye.EvilEye-IOS";
				PRODUCT_NAME = "$(TARGET_NAME)";
				SUPPORTED_PLATFORMS = "iphoneos iphonesimulator";
				SUPPORTS_MACCATALYST = NO;
				SUPPORTS_MAC_DESIGNED_FOR_IPHONE_IPAD = YES;
				SWIFT_EMIT_LOC_STRINGS = YES;
				SWIFT_VERSION = 5.0;
				TARGETED_DEVICE_FAMILY = 1;
			};
			name = Release;
		};
		994552C52A8CD8AC00F55F58 /* Debug */ = {
			isa = XCBuildConfiguration;
			buildSettings = {
				ALWAYS_EMBED_SWIFT_STANDARD_LIBRARIES = YES;
				BUNDLE_LOADER = "$(TEST_HOST)";
				CODE_SIGN_STYLE = Automatic;
				CURRENT_PROJECT_VERSION = 1;
				DEVELOPMENT_TEAM = V5L975YGRL;
				GENERATE_INFOPLIST_FILE = YES;
				IPHONEOS_DEPLOYMENT_TARGET = 16.4;
				MARKETING_VERSION = 1.0;
				PRODUCT_BUNDLE_IDENTIFIER = com.EvilEye.EvilEyeTests;
				PRODUCT_NAME = "$(TARGET_NAME)";
				SWIFT_EMIT_LOC_STRINGS = NO;
				SWIFT_VERSION = 5.0;
				TARGETED_DEVICE_FAMILY = "1,2";
				TEST_HOST = "$(BUILT_PRODUCTS_DIR)/EvilEye.app/$(BUNDLE_EXECUTABLE_FOLDER_PATH)/EvilEye";
			};
			name = Debug;
		};
		994552C62A8CD8AC00F55F58 /* Release */ = {
			isa = XCBuildConfiguration;
			buildSettings = {
				ALWAYS_EMBED_SWIFT_STANDARD_LIBRARIES = YES;
				BUNDLE_LOADER = "$(TEST_HOST)";
				CODE_SIGN_STYLE = Automatic;
				CURRENT_PROJECT_VERSION = 1;
				DEVELOPMENT_TEAM = V5L975YGRL;
				GENERATE_INFOPLIST_FILE = YES;
				IPHONEOS_DEPLOYMENT_TARGET = 16.4;
				MARKETING_VERSION = 1.0;
				PRODUCT_BUNDLE_IDENTIFIER = com.EvilEye.EvilEyeTests;
				PRODUCT_NAME = "$(TARGET_NAME)";
				SWIFT_EMIT_LOC_STRINGS = NO;
				SWIFT_VERSION = 5.0;
				TARGETED_DEVICE_FAMILY = "1,2";
				TEST_HOST = "$(BUILT_PRODUCTS_DIR)/EvilEye.app/$(BUNDLE_EXECUTABLE_FOLDER_PATH)/EvilEye";
			};
			name = Release;
		};
		994552C82A8CD8AC00F55F58 /* Debug */ = {
			isa = XCBuildConfiguration;
			buildSettings = {
				ALWAYS_EMBED_SWIFT_STANDARD_LIBRARIES = YES;
				CODE_SIGN_STYLE = Automatic;
				CURRENT_PROJECT_VERSION = 1;
				DEVELOPMENT_TEAM = V5L975YGRL;
				GENERATE_INFOPLIST_FILE = YES;
				MARKETING_VERSION = 1.0;
				PRODUCT_BUNDLE_IDENTIFIER = com.EvilEye.EvilEyeUITests;
				PRODUCT_NAME = "$(TARGET_NAME)";
				SWIFT_EMIT_LOC_STRINGS = NO;
				SWIFT_VERSION = 5.0;
				TARGETED_DEVICE_FAMILY = "1,2";
				TEST_TARGET_NAME = EvilEye;
			};
			name = Debug;
		};
		994552C92A8CD8AC00F55F58 /* Release */ = {
			isa = XCBuildConfiguration;
			buildSettings = {
				ALWAYS_EMBED_SWIFT_STANDARD_LIBRARIES = YES;
				CODE_SIGN_STYLE = Automatic;
				CURRENT_PROJECT_VERSION = 1;
				DEVELOPMENT_TEAM = V5L975YGRL;
				GENERATE_INFOPLIST_FILE = YES;
				MARKETING_VERSION = 1.0;
				PRODUCT_BUNDLE_IDENTIFIER = com.EvilEye.EvilEyeUITests;
				PRODUCT_NAME = "$(TARGET_NAME)";
				SWIFT_EMIT_LOC_STRINGS = NO;
				SWIFT_VERSION = 5.0;
				TARGETED_DEVICE_FAMILY = "1,2";
				TEST_TARGET_NAME = EvilEye;
			};
			name = Release;
		};
		9973F0182A8FD6B0002BC49E /* Debug */ = {
			isa = XCBuildConfiguration;
			buildSettings = {
				CODE_SIGN_STYLE = Automatic;
				CURRENT_PROJECT_VERSION = 1;
				DEFINES_MODULE = YES;
				DEVELOPMENT_TEAM = V5L975YGRL;
				DYLIB_COMPATIBILITY_VERSION = 1;
				DYLIB_CURRENT_VERSION = 1;
				DYLIB_INSTALL_NAME_BASE = "@rpath";
				ENABLE_MODULE_VERIFIER = YES;
				GENERATE_INFOPLIST_FILE = YES;
				INFOPLIST_KEY_NSHumanReadableCopyright = "";
				INSTALL_PATH = "$(LOCAL_LIBRARY_DIR)/Frameworks";
				LD_RUNPATH_SEARCH_PATHS = (
					"$(inherited)",
					"@executable_path/Frameworks",
					"@loader_path/Frameworks",
				);
				MARKETING_VERSION = 1.0;
				MODULE_VERIFIER_SUPPORTED_LANGUAGES = "objective-c objective-c++";
				MODULE_VERIFIER_SUPPORTED_LANGUAGE_STANDARDS = "gnu11 gnu++20";
				PRODUCT_BUNDLE_IDENTIFIER = com.EvilEye.SharedFramework;
				PRODUCT_NAME = "$(TARGET_NAME:c99extidentifier)";
				SKIP_INSTALL = YES;
				SWIFT_EMIT_LOC_STRINGS = YES;
				SWIFT_VERSION = 5.0;
				TARGETED_DEVICE_FAMILY = "1,2";
				VERSIONING_SYSTEM = "apple-generic";
				VERSION_INFO_PREFIX = "";
			};
			name = Debug;
		};
		9973F0192A8FD6B0002BC49E /* Release */ = {
			isa = XCBuildConfiguration;
			buildSettings = {
				CODE_SIGN_STYLE = Automatic;
				CURRENT_PROJECT_VERSION = 1;
				DEFINES_MODULE = YES;
				DEVELOPMENT_TEAM = V5L975YGRL;
				DYLIB_COMPATIBILITY_VERSION = 1;
				DYLIB_CURRENT_VERSION = 1;
				DYLIB_INSTALL_NAME_BASE = "@rpath";
				ENABLE_MODULE_VERIFIER = YES;
				GENERATE_INFOPLIST_FILE = YES;
				INFOPLIST_KEY_NSHumanReadableCopyright = "";
				INSTALL_PATH = "$(LOCAL_LIBRARY_DIR)/Frameworks";
				LD_RUNPATH_SEARCH_PATHS = (
					"$(inherited)",
					"@executable_path/Frameworks",
					"@loader_path/Frameworks",
				);
				MARKETING_VERSION = 1.0;
				MODULE_VERIFIER_SUPPORTED_LANGUAGES = "objective-c objective-c++";
				MODULE_VERIFIER_SUPPORTED_LANGUAGE_STANDARDS = "gnu11 gnu++20";
				PRODUCT_BUNDLE_IDENTIFIER = com.EvilEye.SharedFramework;
				PRODUCT_NAME = "$(TARGET_NAME:c99extidentifier)";
				SKIP_INSTALL = YES;
				SWIFT_EMIT_LOC_STRINGS = YES;
				SWIFT_VERSION = 5.0;
				TARGETED_DEVICE_FAMILY = "1,2";
				VERSIONING_SYSTEM = "apple-generic";
				VERSION_INFO_PREFIX = "";
			};
			name = Release;
		};
		9973F01C2A8FD6B0002BC49E /* Debug */ = {
			isa = XCBuildConfiguration;
			buildSettings = {
				ALWAYS_EMBED_SWIFT_STANDARD_LIBRARIES = YES;
				CODE_SIGN_STYLE = Automatic;
				CURRENT_PROJECT_VERSION = 1;
				DEVELOPMENT_TEAM = V5L975YGRL;
				GENERATE_INFOPLIST_FILE = YES;
				MARKETING_VERSION = 1.0;
				PRODUCT_BUNDLE_IDENTIFIER = com.EvilEye.SharedFrameworkTests;
				PRODUCT_NAME = "$(TARGET_NAME)";
				SWIFT_EMIT_LOC_STRINGS = NO;
				SWIFT_VERSION = 5.0;
				TARGETED_DEVICE_FAMILY = "1,2";
				TEST_HOST = "$(BUILT_PRODUCTS_DIR)/EvilEye.app/$(BUNDLE_EXECUTABLE_FOLDER_PATH)/EvilEye";
			};
			name = Debug;
		};
		9973F01D2A8FD6B0002BC49E /* Release */ = {
			isa = XCBuildConfiguration;
			buildSettings = {
				ALWAYS_EMBED_SWIFT_STANDARD_LIBRARIES = YES;
				CODE_SIGN_STYLE = Automatic;
				CURRENT_PROJECT_VERSION = 1;
				DEVELOPMENT_TEAM = V5L975YGRL;
				GENERATE_INFOPLIST_FILE = YES;
				MARKETING_VERSION = 1.0;
				PRODUCT_BUNDLE_IDENTIFIER = com.EvilEye.SharedFrameworkTests;
				PRODUCT_NAME = "$(TARGET_NAME)";
				SWIFT_EMIT_LOC_STRINGS = NO;
				SWIFT_VERSION = 5.0;
				TARGETED_DEVICE_FAMILY = "1,2";
				TEST_HOST = "$(BUILT_PRODUCTS_DIR)/EvilEye.app/$(BUNDLE_EXECUTABLE_FOLDER_PATH)/EvilEye";
			};
			name = Release;
		};
		998FDF032A8D78790051EDB7 /* Debug */ = {
			isa = XCBuildConfiguration;
			buildSettings = {
				CODE_SIGN_ENTITLEMENTS = "Shield Configuration/Shield_Configuration.entitlements";
				CODE_SIGN_STYLE = Automatic;
				CURRENT_PROJECT_VERSION = 1;
				DEVELOPMENT_TEAM = V5L975YGRL;
				GENERATE_INFOPLIST_FILE = YES;
				INFOPLIST_FILE = "Shield Configuration/Info.plist";
				INFOPLIST_KEY_CFBundleDisplayName = "Shield Configuration";
				INFOPLIST_KEY_NSHumanReadableCopyright = "";
				LD_RUNPATH_SEARCH_PATHS = (
					"$(inherited)",
					"@executable_path/Frameworks",
					"@executable_path/../../Frameworks",
				);
				MARKETING_VERSION = 1.0;
				PRODUCT_BUNDLE_IDENTIFIER = "com.EvilEye.EvilEye-IOS.MyShieldConfiguration";
				PRODUCT_NAME = "$(TARGET_NAME)";
				SKIP_INSTALL = YES;
				SWIFT_EMIT_LOC_STRINGS = YES;
				SWIFT_VERSION = 5.0;
				TARGETED_DEVICE_FAMILY = "1,2";
			};
			name = Debug;
		};
		998FDF042A8D78790051EDB7 /* Release */ = {
			isa = XCBuildConfiguration;
			buildSettings = {
				CODE_SIGN_ENTITLEMENTS = "Shield Configuration/Shield_Configuration.entitlements";
				CODE_SIGN_STYLE = Automatic;
				CURRENT_PROJECT_VERSION = 1;
				DEVELOPMENT_TEAM = V5L975YGRL;
				GENERATE_INFOPLIST_FILE = YES;
				INFOPLIST_FILE = "Shield Configuration/Info.plist";
				INFOPLIST_KEY_CFBundleDisplayName = "Shield Configuration";
				INFOPLIST_KEY_NSHumanReadableCopyright = "";
				LD_RUNPATH_SEARCH_PATHS = (
					"$(inherited)",
					"@executable_path/Frameworks",
					"@executable_path/../../Frameworks",
				);
				MARKETING_VERSION = 1.0;
				PRODUCT_BUNDLE_IDENTIFIER = "com.EvilEye.EvilEye-IOS.MyShieldConfiguration";
				PRODUCT_NAME = "$(TARGET_NAME)";
				SKIP_INSTALL = YES;
				SWIFT_EMIT_LOC_STRINGS = YES;
				SWIFT_VERSION = 5.0;
				TARGETED_DEVICE_FAMILY = "1,2";
			};
			name = Release;
		};
		99C3408D2A8E0011009849D0 /* Debug */ = {
			isa = XCBuildConfiguration;
			buildSettings = {
				CODE_SIGN_ENTITLEMENTS = DeviceActivityMonitor/DeviceActivityMonitor.entitlements;
				CODE_SIGN_STYLE = Automatic;
				CURRENT_PROJECT_VERSION = 1;
				DEVELOPMENT_TEAM = V5L975YGRL;
				GENERATE_INFOPLIST_FILE = YES;
				INFOPLIST_FILE = DeviceActivityMonitor/Info.plist;
				INFOPLIST_KEY_CFBundleDisplayName = DeviceActivityMonitor;
				INFOPLIST_KEY_NSHumanReadableCopyright = "";
				LD_RUNPATH_SEARCH_PATHS = (
					"$(inherited)",
					"@executable_path/Frameworks",
					"@executable_path/../../Frameworks",
				);
				MARKETING_VERSION = 1.0;
				PRODUCT_BUNDLE_IDENTIFIER = "com.EvilEye.EvilEye-IOS.DeviceActivityMonitor";
				PRODUCT_NAME = "$(TARGET_NAME)";
				SKIP_INSTALL = YES;
				SWIFT_EMIT_LOC_STRINGS = YES;
				SWIFT_VERSION = 5.0;
				TARGETED_DEVICE_FAMILY = "1,2";
			};
			name = Debug;
		};
		99C3408E2A8E0011009849D0 /* Release */ = {
			isa = XCBuildConfiguration;
			buildSettings = {
				CODE_SIGN_ENTITLEMENTS = DeviceActivityMonitor/DeviceActivityMonitor.entitlements;
				CODE_SIGN_STYLE = Automatic;
				CURRENT_PROJECT_VERSION = 1;
				DEVELOPMENT_TEAM = V5L975YGRL;
				GENERATE_INFOPLIST_FILE = YES;
				INFOPLIST_FILE = DeviceActivityMonitor/Info.plist;
				INFOPLIST_KEY_CFBundleDisplayName = DeviceActivityMonitor;
				INFOPLIST_KEY_NSHumanReadableCopyright = "";
				LD_RUNPATH_SEARCH_PATHS = (
					"$(inherited)",
					"@executable_path/Frameworks",
					"@executable_path/../../Frameworks",
				);
				MARKETING_VERSION = 1.0;
				PRODUCT_BUNDLE_IDENTIFIER = "com.EvilEye.EvilEye-IOS.DeviceActivityMonitor";
				PRODUCT_NAME = "$(TARGET_NAME)";
				SKIP_INSTALL = YES;
				SWIFT_EMIT_LOC_STRINGS = YES;
				SWIFT_VERSION = 5.0;
				TARGETED_DEVICE_FAMILY = "1,2";
			};
			name = Release;
		};
		99C340CA2A8E86D5009849D0 /* Debug */ = {
			isa = XCBuildConfiguration;
			buildSettings = {
				CODE_SIGN_ENTITLEMENTS = ShieldAction/ShieldAction.entitlements;
				CODE_SIGN_STYLE = Automatic;
				CURRENT_PROJECT_VERSION = 1;
				DEVELOPMENT_TEAM = V5L975YGRL;
				GENERATE_INFOPLIST_FILE = YES;
				INFOPLIST_FILE = ShieldAction/Info.plist;
				INFOPLIST_KEY_CFBundleDisplayName = ShieldAction;
				INFOPLIST_KEY_NSHumanReadableCopyright = "";
				LD_RUNPATH_SEARCH_PATHS = (
					"$(inherited)",
					"@executable_path/Frameworks",
					"@executable_path/../../Frameworks",
				);
				MARKETING_VERSION = 1.0;
				PRODUCT_BUNDLE_IDENTIFIER = "com.EvilEye.EvilEye-IOS.ShieldAction";
				PRODUCT_NAME = "$(TARGET_NAME)";
				SKIP_INSTALL = YES;
				SWIFT_EMIT_LOC_STRINGS = YES;
				SWIFT_VERSION = 5.0;
				TARGETED_DEVICE_FAMILY = "1,2";
			};
			name = Debug;
		};
		99C340CB2A8E86D5009849D0 /* Release */ = {
			isa = XCBuildConfiguration;
			buildSettings = {
				CODE_SIGN_ENTITLEMENTS = ShieldAction/ShieldAction.entitlements;
				CODE_SIGN_STYLE = Automatic;
				CURRENT_PROJECT_VERSION = 1;
				DEVELOPMENT_TEAM = V5L975YGRL;
				GENERATE_INFOPLIST_FILE = YES;
				INFOPLIST_FILE = ShieldAction/Info.plist;
				INFOPLIST_KEY_CFBundleDisplayName = ShieldAction;
				INFOPLIST_KEY_NSHumanReadableCopyright = "";
				LD_RUNPATH_SEARCH_PATHS = (
					"$(inherited)",
					"@executable_path/Frameworks",
					"@executable_path/../../Frameworks",
				);
				MARKETING_VERSION = 1.0;
				PRODUCT_BUNDLE_IDENTIFIER = "com.EvilEye.EvilEye-IOS.ShieldAction";
				PRODUCT_NAME = "$(TARGET_NAME)";
				SKIP_INSTALL = YES;
				SWIFT_EMIT_LOC_STRINGS = YES;
				SWIFT_VERSION = 5.0;
				TARGETED_DEVICE_FAMILY = "1,2";
			};
			name = Release;
		};
/* End XCBuildConfiguration section */

/* Begin XCConfigurationList section */
		994552982A8CD8AB00F55F58 /* Build configuration list for PBXProject "EvilEye" */ = {
			isa = XCConfigurationList;
			buildConfigurations = (
				994552BF2A8CD8AC00F55F58 /* Debug */,
				994552C02A8CD8AC00F55F58 /* Release */,
			);
			defaultConfigurationIsVisible = 0;
			defaultConfigurationName = Release;
		};
		994552C12A8CD8AC00F55F58 /* Build configuration list for PBXNativeTarget "EvilEye" */ = {
			isa = XCConfigurationList;
			buildConfigurations = (
				994552C22A8CD8AC00F55F58 /* Debug */,
				994552C32A8CD8AC00F55F58 /* Release */,
			);
			defaultConfigurationIsVisible = 0;
			defaultConfigurationName = Release;
		};
		994552C42A8CD8AC00F55F58 /* Build configuration list for PBXNativeTarget "EvilEyeTests" */ = {
			isa = XCConfigurationList;
			buildConfigurations = (
				994552C52A8CD8AC00F55F58 /* Debug */,
				994552C62A8CD8AC00F55F58 /* Release */,
			);
			defaultConfigurationIsVisible = 0;
			defaultConfigurationName = Release;
		};
		994552C72A8CD8AC00F55F58 /* Build configuration list for PBXNativeTarget "EvilEyeUITests" */ = {
			isa = XCConfigurationList;
			buildConfigurations = (
				994552C82A8CD8AC00F55F58 /* Debug */,
				994552C92A8CD8AC00F55F58 /* Release */,
			);
			defaultConfigurationIsVisible = 0;
			defaultConfigurationName = Release;
		};
		9973F0172A8FD6B0002BC49E /* Build configuration list for PBXNativeTarget "SharedFramework" */ = {
			isa = XCConfigurationList;
			buildConfigurations = (
				9973F0182A8FD6B0002BC49E /* Debug */,
				9973F0192A8FD6B0002BC49E /* Release */,
			);
			defaultConfigurationIsVisible = 0;
			defaultConfigurationName = Release;
		};
		9973F01B2A8FD6B0002BC49E /* Build configuration list for PBXNativeTarget "SharedFrameworkTests" */ = {
			isa = XCConfigurationList;
			buildConfigurations = (
				9973F01C2A8FD6B0002BC49E /* Debug */,
				9973F01D2A8FD6B0002BC49E /* Release */,
			);
			defaultConfigurationIsVisible = 0;
			defaultConfigurationName = Release;
		};
		998FDF022A8D78790051EDB7 /* Build configuration list for PBXNativeTarget "Shield Configuration" */ = {
			isa = XCConfigurationList;
			buildConfigurations = (
				998FDF032A8D78790051EDB7 /* Debug */,
				998FDF042A8D78790051EDB7 /* Release */,
			);
			defaultConfigurationIsVisible = 0;
			defaultConfigurationName = Release;
		};
		99C3408C2A8E0011009849D0 /* Build configuration list for PBXNativeTarget "DeviceActivityMonitor" */ = {
			isa = XCConfigurationList;
			buildConfigurations = (
				99C3408D2A8E0011009849D0 /* Debug */,
				99C3408E2A8E0011009849D0 /* Release */,
			);
			defaultConfigurationIsVisible = 0;
			defaultConfigurationName = Release;
		};
		99C340C92A8E86D5009849D0 /* Build configuration list for PBXNativeTarget "ShieldAction" */ = {
			isa = XCConfigurationList;
			buildConfigurations = (
				99C340CA2A8E86D5009849D0 /* Debug */,
				99C340CB2A8E86D5009849D0 /* Release */,
			);
			defaultConfigurationIsVisible = 0;
			defaultConfigurationName = Release;
		};
/* End XCConfigurationList section */
	};
	rootObject = 994552952A8CD8AB00F55F58 /* Project object */;
}
